
Microsoft Visual Studio Solution File, Format Version 12.00
# Visual Studio Version 16
VisualStudioVersion = 16.0.30104.148
MinimumVisualStudioVersion = 10.0.40219.1
Project("{9A19103F-16F7-4668-BE54-9A1E7A4F7556}") = "ArmaRealMap", "ArmaRealMap\ArmaRealMap.csproj", "{967B62E0-F4DF-44DA-BFEA-FB8D71477B07}"
EndProject
Project("{9A19103F-16F7-4668-BE54-9A1E7A4F7556}") = "ArmaRealMap.Test", "ArmaRealMap.Test\ArmaRealMap.Test.csproj", "{1D1A22BF-43E5-4ADD-B166-A544C96B24BA}"
EndProject
Project("{9A19103F-16F7-4668-BE54-9A1E7A4F7556}") = "AmsUtil", "AmsUtil\AmsUtil.csproj", "{19FE9AD0-E02F-455A-8265-60C9FC420DA1}"
EndProject
Project("{9A19103F-16F7-4668-BE54-9A1E7A4F7556}") = "BIS.PBO", "..\jetelain\bis-file-formats\BIS.PBO\BIS.PBO.csproj", "{DBB57DEC-FA2D-465E-A7DF-EF3D9EA8E0C4}"
EndProject
Project("{9A19103F-16F7-4668-BE54-9A1E7A4F7556}") = "BIS.Core", "..\jetelain\bis-file-formats\BIS.Core\BIS.Core.csproj", "{11FD2B02-1D5B-4257-BEEB-83DC47CF62F3}"
EndProject
Project("{9A19103F-16F7-4668-BE54-9A1E7A4F7556}") = "BIS.WRP", "..\jetelain\bis-file-formats\BIS.WRP\BIS.WRP.csproj", "{4E4CAA11-8159-40AD-9E77-D2B90A12CFDB}"
EndProject
Global
	GlobalSection(SolutionConfigurationPlatforms) = preSolution
		Debug|Any CPU = Debug|Any CPU
		Release|Any CPU = Release|Any CPU
	EndGlobalSection
	GlobalSection(ProjectConfigurationPlatforms) = postSolution
		{967B62E0-F4DF-44DA-BFEA-FB8D71477B07}.Debug|Any CPU.ActiveCfg = Debug|Any CPU
		{967B62E0-F4DF-44DA-BFEA-FB8D71477B07}.Debug|Any CPU.Build.0 = Debug|Any CPU
		{967B62E0-F4DF-44DA-BFEA-FB8D71477B07}.Release|Any CPU.ActiveCfg = Release|Any CPU
		{967B62E0-F4DF-44DA-BFEA-FB8D71477B07}.Release|Any CPU.Build.0 = Release|Any CPU
		{1D1A22BF-43E5-4ADD-B166-A544C96B24BA}.Debug|Any CPU.ActiveCfg = Debug|Any CPU
		{1D1A22BF-43E5-4ADD-B166-A544C96B24BA}.Debug|Any CPU.Build.0 = Debug|Any CPU
		{1D1A22BF-43E5-4ADD-B166-A544C96B24BA}.Release|Any CPU.ActiveCfg = Release|Any CPU
		{1D1A22BF-43E5-4ADD-B166-A544C96B24BA}.Release|Any CPU.Build.0 = Release|Any CPU
		{19FE9AD0-E02F-455A-8265-60C9FC420DA1}.Debug|Any CPU.ActiveCfg = Debug|Any CPU
		{19FE9AD0-E02F-455A-8265-60C9FC420DA1}.Debug|Any CPU.Build.0 = Debug|Any CPU
		{19FE9AD0-E02F-455A-8265-60C9FC420DA1}.Release|Any CPU.ActiveCfg = Release|Any CPU
		{19FE9AD0-E02F-455A-8265-60C9FC420DA1}.Release|Any CPU.Build.0 = Release|Any CPU
		{DBB57DEC-FA2D-465E-A7DF-EF3D9EA8E0C4}.Debug|Any CPU.ActiveCfg = Debug|Any CPU
		{DBB57DEC-FA2D-465E-A7DF-EF3D9EA8E0C4}.Debug|Any CPU.Build.0 = Debug|Any CPU
		{DBB57DEC-FA2D-465E-A7DF-EF3D9EA8E0C4}.Release|Any CPU.ActiveCfg = Release|Any CPU
		{DBB57DEC-FA2D-465E-A7DF-EF3D9EA8E0C4}.Release|Any CPU.Build.0 = Release|Any CPU
		{11FD2B02-1D5B-4257-BEEB-83DC47CF62F3}.Debug|Any CPU.ActiveCfg = Debug|Any CPU
		{11FD2B02-1D5B-4257-BEEB-83DC47CF62F3}.Debug|Any CPU.Build.0 = Debug|Any CPU
		{11FD2B02-1D5B-4257-BEEB-83DC47CF62F3}.Release|Any CPU.ActiveCfg = Release|Any CPU
		{11FD2B02-1D5B-4257-BEEB-83DC47CF62F3}.Release|Any CPU.Build.0 = Release|Any CPU
		{4E4CAA11-8159-40AD-9E77-D2B90A12CFDB}.Debug|Any CPU.ActiveCfg = Debug|Any CPU
		{4E4CAA11-8159-40AD-9E77-D2B90A12CFDB}.Debug|Any CPU.Build.0 = Debug|Any CPU
		{4E4CAA11-8159-40AD-9E77-D2B90A12CFDB}.Release|Any CPU.ActiveCfg = Release|Any CPU
		{4E4CAA11-8159-40AD-9E77-D2B90A12CFDB}.Release|Any CPU.Build.0 = Release|Any CPU
	EndGlobalSection
	GlobalSection(SolutionProperties) = preSolution
		HideSolutionNode = FALSE
	EndGlobalSection
	GlobalSection(ExtensibilityGlobals) = postSolution
		SolutionGuid = {67E6979E-AD2E-4E18-82E9-C7B7D491C3E9}
	EndGlobalSection
EndGlobal
