
Microsoft Visual Studio Solution File, Format Version 12.00
# Visual Studio Version 17
VisualStudioVersion = 17.1.32414.318
MinimumVisualStudioVersion = 10.0.40219.1
Project("{9A19103F-16F7-4668-BE54-9A1E7A4F7556}") = "BIS.PBO", "bis-file-formats\BIS.PBO\BIS.PBO.csproj", "{DBB57DEC-FA2D-465E-A7DF-EF3D9EA8E0C4}"
EndProject
Project("{9A19103F-16F7-4668-BE54-9A1E7A4F7556}") = "BIS.Core", "bis-file-formats\BIS.Core\BIS.Core.csproj", "{11FD2B02-1D5B-4257-BEEB-83DC47CF62F3}"
EndProject
Project("{9A19103F-16F7-4668-BE54-9A1E7A4F7556}") = "BIS.WRP", "bis-file-formats\BIS.WRP\BIS.WRP.csproj", "{4E4CAA11-8159-40AD-9E77-D2B90A12CFDB}"
EndProject
Project("{9A19103F-16F7-4668-BE54-9A1E7A4F7556}") = "BIS.PAA", "bis-file-formats\BIS.PAA\BIS.PAA.csproj", "{6E2A6C3B-C0C1-4C98-89B7-F0A4FB13DA00}"
EndProject
Project("{9A19103F-16F7-4668-BE54-9A1E7A4F7556}") = "ArmaRealMapWebSite", "ArmaRealMapWebSite\ArmaRealMapWebSite.csproj", "{8E8931F0-98EE-41EA-ABB2-B96203F71A69}"
EndProject
Project("{9A19103F-16F7-4668-BE54-9A1E7A4F7556}") = "BIS.ALB", "bis-file-formats\BIS.ALB\BIS.ALB.csproj", "{6E82EE4B-A3ED-4D11-A66D-3A1559920A31}"
EndProject
Project("{9A19103F-16F7-4668-BE54-9A1E7A4F7556}") = "BIS.P3D", "bis-file-formats\BIS.P3D\BIS.P3D.csproj", "{CBCFD74B-21DA-4F39-A18E-391E449927CD}"
EndProject
Project("{9A19103F-16F7-4668-BE54-9A1E7A4F7556}") = "MapToolkit", "mapkit\MapToolkit\MapToolkit.csproj", "{CB4CE7D4-5048-4D6A-9005-05C75D9D4898}"
EndProject
Project("{9A19103F-16F7-4668-BE54-9A1E7A4F7556}") = "GameRealisticMap", "GameRealisticMap\GameRealisticMap.csproj", "{67387AB0-99B8-45BD-8DFB-EC3F5C4C623F}"
EndProject
Project("{9A19103F-16F7-4668-BE54-9A1E7A4F7556}") = "GameRealisticMap.Test", "GameRealisticMap.Test\GameRealisticMap.Test.csproj", "{96536D55-42E1-4B69-8FED-43ACB72DA175}"
EndProject
Project("{9A19103F-16F7-4668-BE54-9A1E7A4F7556}") = "GameRealisticMap.CommandLine", "GameRealisticMap.CommandLine\GameRealisticMap.CommandLine.csproj", "{2B0249D8-91A5-4B69-811C-300D90FD82EB}"
EndProject
Project("{9A19103F-16F7-4668-BE54-9A1E7A4F7556}") = "GameRealisticMap.Arma3", "GameRealisticMap.Arma3\GameRealisticMap.Arma3.csproj", "{73A2E245-D755-4055-87A6-7B7AEDD4B07B}"
EndProject
Project("{9A19103F-16F7-4668-BE54-9A1E7A4F7556}") = "GameRealisticMap.Arma3.CommandLine", "GameRealisticMap.Arma3.CommandLine\GameRealisticMap.Arma3.CommandLine.csproj", "{B7E7B414-218E-4D5D-83F3-1D35C00BA2B0}"
EndProject
Project("{9A19103F-16F7-4668-BE54-9A1E7A4F7556}") = "GameRealisticMap.Arma3.Test", "GameRealisticMap.Arma3.Test\GameRealisticMap.Arma3.Test.csproj", "{6CD0D25B-6600-4FDD-B1BB-99DDBD909B5D}"
EndProject
Project("{2150E333-8FDC-42A3-9474-1A3956D46DE8}") = "Libs", "Libs", "{2BC1C49B-84B5-4AAA-89B6-72004913364E}"
EndProject
Project("{2150E333-8FDC-42A3-9474-1A3956D46DE8}") = "Legacy", "Legacy", "{25E2BC62-0858-4D54-AE1C-9F2E7CE40978}"
EndProject
Project("{9A19103F-16F7-4668-BE54-9A1E7A4F7556}") = "GameRealisticMap.Studio", "GameRealisticMap.Studio\GameRealisticMap.Studio.csproj", "{04DD7339-2A7D-49E9-80FF-1B2DD068C45E}"
EndProject
Project("{9A19103F-16F7-4668-BE54-9A1E7A4F7556}") = "HugeImages", "HugeImages\HugeImages\HugeImages.csproj", "{7B97A19B-A294-4C14-82A2-0355E9FD0FBB}"
EndProject
Project("{C7167F0D-BC9F-4E6E-AFE1-012C56B48DB5}") = "GameRealisticMap.Studio.Package", "GameRealisticMap.Studio.Package\GameRealisticMap.Studio.Package.wapproj", "{3F8E46BC-8E54-4808-B58A-00841131DD87}"
EndProject
Project("{2150E333-8FDC-42A3-9474-1A3956D46DE8}") = "Gemini", "Gemini", "{AD947998-A388-4783-B9A6-2410E046C91D}"
EndProject
Project("{9A19103F-16F7-4668-BE54-9A1E7A4F7556}") = "Gemini", "gemini\src\Gemini\Gemini.csproj", "{043F9084-71C4-4493-BFA7-B6129618A293}"
EndProject
Project("{9A19103F-16F7-4668-BE54-9A1E7A4F7556}") = "Gemini.Modules.Output", "gemini\src\Gemini.Modules.Output\Gemini.Modules.Output.csproj", "{20ECA174-C5EC-4357-AA5D-8104222147AC}"
EndProject
Project("{9A19103F-16F7-4668-BE54-9A1E7A4F7556}") = "WeatherStats", "weatherstats\WeatherStats\WeatherStats.csproj", "{D5831A65-D8B9-4E88-9F9E-F8DFEA117B36}"
EndProject
Project("{9A19103F-16F7-4668-BE54-9A1E7A4F7556}") = "GameRealisticMap.Studio.Test", "GameRealisticMap.Studio.Test\GameRealisticMap.Studio.Test.csproj", "{21ED2BEA-8F91-437D-8C8B-E71AB91D8B78}"
EndProject
Project("{9A19103F-16F7-4668-BE54-9A1E7A4F7556}") = "Gemini.Modules.Inspector", "gemini\src\Gemini.Modules.Inspector\Gemini.Modules.Inspector.csproj", "{81601715-E57D-40E8-9274-693F37EC9D2F}"
EndProject
Project("{FAE04EC0-301F-11D3-BF4B-00C04F79EFBC}") = "GameRealisticMap.Generic", "GameRealisticMap.Generic\GameRealisticMap.Generic.csproj", "{93B8E44B-55E7-4B6E-8F59-637CAC0C279C}"
EndProject
Project("{FAE04EC0-301F-11D3-BF4B-00C04F79EFBC}") = "GameRealisticMap.Generic.Test", "GameRealisticMap.Generic.Test\GameRealisticMap.Generic.Test.csproj", "{F0EE2154-32E1-4F53-831D-09A9A2B5336A}"
EndProject
Project("{2150E333-8FDC-42A3-9474-1A3956D46DE8}") = "Tests", "Tests", "{5FCFA982-ED2F-441E-A9D9-1CFD30FF6543}"
EndProject
Global
	GlobalSection(SolutionConfigurationPlatforms) = preSolution
		Debug|Any CPU = Debug|Any CPU
		Debug|ARM = Debug|ARM
		Debug|ARM64 = Debug|ARM64
		Debug|x64 = Debug|x64
		Debug|x86 = Debug|x86
		Release|Any CPU = Release|Any CPU
		Release|ARM = Release|ARM
		Release|ARM64 = Release|ARM64
		Release|x64 = Release|x64
		Release|x86 = Release|x86
	EndGlobalSection
	GlobalSection(ProjectConfigurationPlatforms) = postSolution
		{DBB57DEC-FA2D-465E-A7DF-EF3D9EA8E0C4}.Debug|Any CPU.ActiveCfg = Debug|Any CPU
		{DBB57DEC-FA2D-465E-A7DF-EF3D9EA8E0C4}.Debug|Any CPU.Build.0 = Debug|Any CPU
		{DBB57DEC-FA2D-465E-A7DF-EF3D9EA8E0C4}.Debug|ARM.ActiveCfg = Debug|Any CPU
		{DBB57DEC-FA2D-465E-A7DF-EF3D9EA8E0C4}.Debug|ARM.Build.0 = Debug|Any CPU
		{DBB57DEC-FA2D-465E-A7DF-EF3D9EA8E0C4}.Debug|ARM64.ActiveCfg = Debug|Any CPU
		{DBB57DEC-FA2D-465E-A7DF-EF3D9EA8E0C4}.Debug|ARM64.Build.0 = Debug|Any CPU
		{DBB57DEC-FA2D-465E-A7DF-EF3D9EA8E0C4}.Debug|x64.ActiveCfg = Debug|Any CPU
		{DBB57DEC-FA2D-465E-A7DF-EF3D9EA8E0C4}.Debug|x64.Build.0 = Debug|Any CPU
		{DBB57DEC-FA2D-465E-A7DF-EF3D9EA8E0C4}.Debug|x86.ActiveCfg = Debug|Any CPU
		{DBB57DEC-FA2D-465E-A7DF-EF3D9EA8E0C4}.Debug|x86.Build.0 = Debug|Any CPU
		{DBB57DEC-FA2D-465E-A7DF-EF3D9EA8E0C4}.Release|Any CPU.ActiveCfg = Release|Any CPU
		{DBB57DEC-FA2D-465E-A7DF-EF3D9EA8E0C4}.Release|Any CPU.Build.0 = Release|Any CPU
		{DBB57DEC-FA2D-465E-A7DF-EF3D9EA8E0C4}.Release|ARM.ActiveCfg = Release|Any CPU
		{DBB57DEC-FA2D-465E-A7DF-EF3D9EA8E0C4}.Release|ARM.Build.0 = Release|Any CPU
		{DBB57DEC-FA2D-465E-A7DF-EF3D9EA8E0C4}.Release|ARM64.ActiveCfg = Release|Any CPU
		{DBB57DEC-FA2D-465E-A7DF-EF3D9EA8E0C4}.Release|ARM64.Build.0 = Release|Any CPU
		{DBB57DEC-FA2D-465E-A7DF-EF3D9EA8E0C4}.Release|x64.ActiveCfg = Release|Any CPU
		{DBB57DEC-FA2D-465E-A7DF-EF3D9EA8E0C4}.Release|x64.Build.0 = Release|Any CPU
		{DBB57DEC-FA2D-465E-A7DF-EF3D9EA8E0C4}.Release|x86.ActiveCfg = Release|Any CPU
		{DBB57DEC-FA2D-465E-A7DF-EF3D9EA8E0C4}.Release|x86.Build.0 = Release|Any CPU
		{11FD2B02-1D5B-4257-BEEB-83DC47CF62F3}.Debug|Any CPU.ActiveCfg = Debug|Any CPU
		{11FD2B02-1D5B-4257-BEEB-83DC47CF62F3}.Debug|Any CPU.Build.0 = Debug|Any CPU
		{11FD2B02-1D5B-4257-BEEB-83DC47CF62F3}.Debug|ARM.ActiveCfg = Debug|Any CPU
		{11FD2B02-1D5B-4257-BEEB-83DC47CF62F3}.Debug|ARM.Build.0 = Debug|Any CPU
		{11FD2B02-1D5B-4257-BEEB-83DC47CF62F3}.Debug|ARM64.ActiveCfg = Debug|Any CPU
		{11FD2B02-1D5B-4257-BEEB-83DC47CF62F3}.Debug|ARM64.Build.0 = Debug|Any CPU
		{11FD2B02-1D5B-4257-BEEB-83DC47CF62F3}.Debug|x64.ActiveCfg = Debug|Any CPU
		{11FD2B02-1D5B-4257-BEEB-83DC47CF62F3}.Debug|x64.Build.0 = Debug|Any CPU
		{11FD2B02-1D5B-4257-BEEB-83DC47CF62F3}.Debug|x86.ActiveCfg = Debug|Any CPU
		{11FD2B02-1D5B-4257-BEEB-83DC47CF62F3}.Debug|x86.Build.0 = Debug|Any CPU
		{11FD2B02-1D5B-4257-BEEB-83DC47CF62F3}.Release|Any CPU.ActiveCfg = Release|Any CPU
		{11FD2B02-1D5B-4257-BEEB-83DC47CF62F3}.Release|Any CPU.Build.0 = Release|Any CPU
		{11FD2B02-1D5B-4257-BEEB-83DC47CF62F3}.Release|ARM.ActiveCfg = Release|Any CPU
		{11FD2B02-1D5B-4257-BEEB-83DC47CF62F3}.Release|ARM.Build.0 = Release|Any CPU
		{11FD2B02-1D5B-4257-BEEB-83DC47CF62F3}.Release|ARM64.ActiveCfg = Release|Any CPU
		{11FD2B02-1D5B-4257-BEEB-83DC47CF62F3}.Release|ARM64.Build.0 = Release|Any CPU
		{11FD2B02-1D5B-4257-BEEB-83DC47CF62F3}.Release|x64.ActiveCfg = Release|Any CPU
		{11FD2B02-1D5B-4257-BEEB-83DC47CF62F3}.Release|x64.Build.0 = Release|Any CPU
		{11FD2B02-1D5B-4257-BEEB-83DC47CF62F3}.Release|x86.ActiveCfg = Release|Any CPU
		{11FD2B02-1D5B-4257-BEEB-83DC47CF62F3}.Release|x86.Build.0 = Release|Any CPU
		{4E4CAA11-8159-40AD-9E77-D2B90A12CFDB}.Debug|Any CPU.ActiveCfg = Debug|Any CPU
		{4E4CAA11-8159-40AD-9E77-D2B90A12CFDB}.Debug|Any CPU.Build.0 = Debug|Any CPU
		{4E4CAA11-8159-40AD-9E77-D2B90A12CFDB}.Debug|ARM.ActiveCfg = Debug|Any CPU
		{4E4CAA11-8159-40AD-9E77-D2B90A12CFDB}.Debug|ARM.Build.0 = Debug|Any CPU
		{4E4CAA11-8159-40AD-9E77-D2B90A12CFDB}.Debug|ARM64.ActiveCfg = Debug|Any CPU
		{4E4CAA11-8159-40AD-9E77-D2B90A12CFDB}.Debug|ARM64.Build.0 = Debug|Any CPU
		{4E4CAA11-8159-40AD-9E77-D2B90A12CFDB}.Debug|x64.ActiveCfg = Debug|Any CPU
		{4E4CAA11-8159-40AD-9E77-D2B90A12CFDB}.Debug|x64.Build.0 = Debug|Any CPU
		{4E4CAA11-8159-40AD-9E77-D2B90A12CFDB}.Debug|x86.ActiveCfg = Debug|Any CPU
		{4E4CAA11-8159-40AD-9E77-D2B90A12CFDB}.Debug|x86.Build.0 = Debug|Any CPU
		{4E4CAA11-8159-40AD-9E77-D2B90A12CFDB}.Release|Any CPU.ActiveCfg = Release|Any CPU
		{4E4CAA11-8159-40AD-9E77-D2B90A12CFDB}.Release|Any CPU.Build.0 = Release|Any CPU
		{4E4CAA11-8159-40AD-9E77-D2B90A12CFDB}.Release|ARM.ActiveCfg = Release|Any CPU
		{4E4CAA11-8159-40AD-9E77-D2B90A12CFDB}.Release|ARM.Build.0 = Release|Any CPU
		{4E4CAA11-8159-40AD-9E77-D2B90A12CFDB}.Release|ARM64.ActiveCfg = Release|Any CPU
		{4E4CAA11-8159-40AD-9E77-D2B90A12CFDB}.Release|ARM64.Build.0 = Release|Any CPU
		{4E4CAA11-8159-40AD-9E77-D2B90A12CFDB}.Release|x64.ActiveCfg = Release|Any CPU
		{4E4CAA11-8159-40AD-9E77-D2B90A12CFDB}.Release|x64.Build.0 = Release|Any CPU
		{4E4CAA11-8159-40AD-9E77-D2B90A12CFDB}.Release|x86.ActiveCfg = Release|Any CPU
		{4E4CAA11-8159-40AD-9E77-D2B90A12CFDB}.Release|x86.Build.0 = Release|Any CPU
		{6E2A6C3B-C0C1-4C98-89B7-F0A4FB13DA00}.Debug|Any CPU.ActiveCfg = Debug|Any CPU
		{6E2A6C3B-C0C1-4C98-89B7-F0A4FB13DA00}.Debug|Any CPU.Build.0 = Debug|Any CPU
		{6E2A6C3B-C0C1-4C98-89B7-F0A4FB13DA00}.Debug|ARM.ActiveCfg = Debug|Any CPU
		{6E2A6C3B-C0C1-4C98-89B7-F0A4FB13DA00}.Debug|ARM.Build.0 = Debug|Any CPU
		{6E2A6C3B-C0C1-4C98-89B7-F0A4FB13DA00}.Debug|ARM64.ActiveCfg = Debug|Any CPU
		{6E2A6C3B-C0C1-4C98-89B7-F0A4FB13DA00}.Debug|ARM64.Build.0 = Debug|Any CPU
		{6E2A6C3B-C0C1-4C98-89B7-F0A4FB13DA00}.Debug|x64.ActiveCfg = Debug|Any CPU
		{6E2A6C3B-C0C1-4C98-89B7-F0A4FB13DA00}.Debug|x64.Build.0 = Debug|Any CPU
		{6E2A6C3B-C0C1-4C98-89B7-F0A4FB13DA00}.Debug|x86.ActiveCfg = Debug|Any CPU
		{6E2A6C3B-C0C1-4C98-89B7-F0A4FB13DA00}.Debug|x86.Build.0 = Debug|Any CPU
		{6E2A6C3B-C0C1-4C98-89B7-F0A4FB13DA00}.Release|Any CPU.ActiveCfg = Release|Any CPU
		{6E2A6C3B-C0C1-4C98-89B7-F0A4FB13DA00}.Release|Any CPU.Build.0 = Release|Any CPU
		{6E2A6C3B-C0C1-4C98-89B7-F0A4FB13DA00}.Release|ARM.ActiveCfg = Release|Any CPU
		{6E2A6C3B-C0C1-4C98-89B7-F0A4FB13DA00}.Release|ARM.Build.0 = Release|Any CPU
		{6E2A6C3B-C0C1-4C98-89B7-F0A4FB13DA00}.Release|ARM64.ActiveCfg = Release|Any CPU
		{6E2A6C3B-C0C1-4C98-89B7-F0A4FB13DA00}.Release|ARM64.Build.0 = Release|Any CPU
		{6E2A6C3B-C0C1-4C98-89B7-F0A4FB13DA00}.Release|x64.ActiveCfg = Release|Any CPU
		{6E2A6C3B-C0C1-4C98-89B7-F0A4FB13DA00}.Release|x64.Build.0 = Release|Any CPU
		{6E2A6C3B-C0C1-4C98-89B7-F0A4FB13DA00}.Release|x86.ActiveCfg = Release|Any CPU
		{6E2A6C3B-C0C1-4C98-89B7-F0A4FB13DA00}.Release|x86.Build.0 = Release|Any CPU
		{8E8931F0-98EE-41EA-ABB2-B96203F71A69}.Debug|Any CPU.ActiveCfg = Debug|Any CPU
		{8E8931F0-98EE-41EA-ABB2-B96203F71A69}.Debug|Any CPU.Build.0 = Debug|Any CPU
		{8E8931F0-98EE-41EA-ABB2-B96203F71A69}.Debug|ARM.ActiveCfg = Debug|Any CPU
		{8E8931F0-98EE-41EA-ABB2-B96203F71A69}.Debug|ARM.Build.0 = Debug|Any CPU
		{8E8931F0-98EE-41EA-ABB2-B96203F71A69}.Debug|ARM64.ActiveCfg = Debug|Any CPU
		{8E8931F0-98EE-41EA-ABB2-B96203F71A69}.Debug|ARM64.Build.0 = Debug|Any CPU
		{8E8931F0-98EE-41EA-ABB2-B96203F71A69}.Debug|x64.ActiveCfg = Debug|Any CPU
		{8E8931F0-98EE-41EA-ABB2-B96203F71A69}.Debug|x64.Build.0 = Debug|Any CPU
		{8E8931F0-98EE-41EA-ABB2-B96203F71A69}.Debug|x86.ActiveCfg = Debug|Any CPU
		{8E8931F0-98EE-41EA-ABB2-B96203F71A69}.Debug|x86.Build.0 = Debug|Any CPU
		{8E8931F0-98EE-41EA-ABB2-B96203F71A69}.Release|Any CPU.ActiveCfg = Release|Any CPU
		{8E8931F0-98EE-41EA-ABB2-B96203F71A69}.Release|Any CPU.Build.0 = Release|Any CPU
		{8E8931F0-98EE-41EA-ABB2-B96203F71A69}.Release|ARM.ActiveCfg = Release|Any CPU
		{8E8931F0-98EE-41EA-ABB2-B96203F71A69}.Release|ARM.Build.0 = Release|Any CPU
		{8E8931F0-98EE-41EA-ABB2-B96203F71A69}.Release|ARM64.ActiveCfg = Release|Any CPU
		{8E8931F0-98EE-41EA-ABB2-B96203F71A69}.Release|ARM64.Build.0 = Release|Any CPU
		{8E8931F0-98EE-41EA-ABB2-B96203F71A69}.Release|x64.ActiveCfg = Release|Any CPU
		{8E8931F0-98EE-41EA-ABB2-B96203F71A69}.Release|x64.Build.0 = Release|Any CPU
		{8E8931F0-98EE-41EA-ABB2-B96203F71A69}.Release|x86.ActiveCfg = Release|Any CPU
		{8E8931F0-98EE-41EA-ABB2-B96203F71A69}.Release|x86.Build.0 = Release|Any CPU
		{6E82EE4B-A3ED-4D11-A66D-3A1559920A31}.Debug|Any CPU.ActiveCfg = Debug|Any CPU
		{6E82EE4B-A3ED-4D11-A66D-3A1559920A31}.Debug|Any CPU.Build.0 = Debug|Any CPU
		{6E82EE4B-A3ED-4D11-A66D-3A1559920A31}.Debug|ARM.ActiveCfg = Debug|Any CPU
		{6E82EE4B-A3ED-4D11-A66D-3A1559920A31}.Debug|ARM.Build.0 = Debug|Any CPU
		{6E82EE4B-A3ED-4D11-A66D-3A1559920A31}.Debug|ARM64.ActiveCfg = Debug|Any CPU
		{6E82EE4B-A3ED-4D11-A66D-3A1559920A31}.Debug|ARM64.Build.0 = Debug|Any CPU
		{6E82EE4B-A3ED-4D11-A66D-3A1559920A31}.Debug|x64.ActiveCfg = Debug|Any CPU
		{6E82EE4B-A3ED-4D11-A66D-3A1559920A31}.Debug|x64.Build.0 = Debug|Any CPU
		{6E82EE4B-A3ED-4D11-A66D-3A1559920A31}.Debug|x86.ActiveCfg = Debug|Any CPU
		{6E82EE4B-A3ED-4D11-A66D-3A1559920A31}.Debug|x86.Build.0 = Debug|Any CPU
		{6E82EE4B-A3ED-4D11-A66D-3A1559920A31}.Release|Any CPU.ActiveCfg = Release|Any CPU
		{6E82EE4B-A3ED-4D11-A66D-3A1559920A31}.Release|Any CPU.Build.0 = Release|Any CPU
		{6E82EE4B-A3ED-4D11-A66D-3A1559920A31}.Release|ARM.ActiveCfg = Release|Any CPU
		{6E82EE4B-A3ED-4D11-A66D-3A1559920A31}.Release|ARM.Build.0 = Release|Any CPU
		{6E82EE4B-A3ED-4D11-A66D-3A1559920A31}.Release|ARM64.ActiveCfg = Release|Any CPU
		{6E82EE4B-A3ED-4D11-A66D-3A1559920A31}.Release|ARM64.Build.0 = Release|Any CPU
		{6E82EE4B-A3ED-4D11-A66D-3A1559920A31}.Release|x64.ActiveCfg = Release|Any CPU
		{6E82EE4B-A3ED-4D11-A66D-3A1559920A31}.Release|x64.Build.0 = Release|Any CPU
		{6E82EE4B-A3ED-4D11-A66D-3A1559920A31}.Release|x86.ActiveCfg = Release|Any CPU
		{6E82EE4B-A3ED-4D11-A66D-3A1559920A31}.Release|x86.Build.0 = Release|Any CPU
		{CBCFD74B-21DA-4F39-A18E-391E449927CD}.Debug|Any CPU.ActiveCfg = Debug|Any CPU
		{CBCFD74B-21DA-4F39-A18E-391E449927CD}.Debug|Any CPU.Build.0 = Debug|Any CPU
		{CBCFD74B-21DA-4F39-A18E-391E449927CD}.Debug|ARM.ActiveCfg = Debug|Any CPU
		{CBCFD74B-21DA-4F39-A18E-391E449927CD}.Debug|ARM.Build.0 = Debug|Any CPU
		{CBCFD74B-21DA-4F39-A18E-391E449927CD}.Debug|ARM64.ActiveCfg = Debug|Any CPU
		{CBCFD74B-21DA-4F39-A18E-391E449927CD}.Debug|ARM64.Build.0 = Debug|Any CPU
		{CBCFD74B-21DA-4F39-A18E-391E449927CD}.Debug|x64.ActiveCfg = Debug|Any CPU
		{CBCFD74B-21DA-4F39-A18E-391E449927CD}.Debug|x64.Build.0 = Debug|Any CPU
		{CBCFD74B-21DA-4F39-A18E-391E449927CD}.Debug|x86.ActiveCfg = Debug|Any CPU
		{CBCFD74B-21DA-4F39-A18E-391E449927CD}.Debug|x86.Build.0 = Debug|Any CPU
		{CBCFD74B-21DA-4F39-A18E-391E449927CD}.Release|Any CPU.ActiveCfg = Release|Any CPU
		{CBCFD74B-21DA-4F39-A18E-391E449927CD}.Release|Any CPU.Build.0 = Release|Any CPU
		{CBCFD74B-21DA-4F39-A18E-391E449927CD}.Release|ARM.ActiveCfg = Release|Any CPU
		{CBCFD74B-21DA-4F39-A18E-391E449927CD}.Release|ARM.Build.0 = Release|Any CPU
		{CBCFD74B-21DA-4F39-A18E-391E449927CD}.Release|ARM64.ActiveCfg = Release|Any CPU
		{CBCFD74B-21DA-4F39-A18E-391E449927CD}.Release|ARM64.Build.0 = Release|Any CPU
		{CBCFD74B-21DA-4F39-A18E-391E449927CD}.Release|x64.ActiveCfg = Release|Any CPU
		{CBCFD74B-21DA-4F39-A18E-391E449927CD}.Release|x64.Build.0 = Release|Any CPU
		{CBCFD74B-21DA-4F39-A18E-391E449927CD}.Release|x86.ActiveCfg = Release|Any CPU
		{CBCFD74B-21DA-4F39-A18E-391E449927CD}.Release|x86.Build.0 = Release|Any CPU
		{CB4CE7D4-5048-4D6A-9005-05C75D9D4898}.Debug|Any CPU.ActiveCfg = Debug|Any CPU
		{CB4CE7D4-5048-4D6A-9005-05C75D9D4898}.Debug|Any CPU.Build.0 = Debug|Any CPU
		{CB4CE7D4-5048-4D6A-9005-05C75D9D4898}.Debug|ARM.ActiveCfg = Debug|Any CPU
		{CB4CE7D4-5048-4D6A-9005-05C75D9D4898}.Debug|ARM.Build.0 = Debug|Any CPU
		{CB4CE7D4-5048-4D6A-9005-05C75D9D4898}.Debug|ARM64.ActiveCfg = Debug|Any CPU
		{CB4CE7D4-5048-4D6A-9005-05C75D9D4898}.Debug|ARM64.Build.0 = Debug|Any CPU
		{CB4CE7D4-5048-4D6A-9005-05C75D9D4898}.Debug|x64.ActiveCfg = Debug|Any CPU
		{CB4CE7D4-5048-4D6A-9005-05C75D9D4898}.Debug|x64.Build.0 = Debug|Any CPU
		{CB4CE7D4-5048-4D6A-9005-05C75D9D4898}.Debug|x86.ActiveCfg = Debug|Any CPU
		{CB4CE7D4-5048-4D6A-9005-05C75D9D4898}.Debug|x86.Build.0 = Debug|Any CPU
		{CB4CE7D4-5048-4D6A-9005-05C75D9D4898}.Release|Any CPU.ActiveCfg = Release|Any CPU
		{CB4CE7D4-5048-4D6A-9005-05C75D9D4898}.Release|Any CPU.Build.0 = Release|Any CPU
		{CB4CE7D4-5048-4D6A-9005-05C75D9D4898}.Release|ARM.ActiveCfg = Release|Any CPU
		{CB4CE7D4-5048-4D6A-9005-05C75D9D4898}.Release|ARM.Build.0 = Release|Any CPU
		{CB4CE7D4-5048-4D6A-9005-05C75D9D4898}.Release|ARM64.ActiveCfg = Release|Any CPU
		{CB4CE7D4-5048-4D6A-9005-05C75D9D4898}.Release|ARM64.Build.0 = Release|Any CPU
		{CB4CE7D4-5048-4D6A-9005-05C75D9D4898}.Release|x64.ActiveCfg = Release|Any CPU
		{CB4CE7D4-5048-4D6A-9005-05C75D9D4898}.Release|x64.Build.0 = Release|Any CPU
		{CB4CE7D4-5048-4D6A-9005-05C75D9D4898}.Release|x86.ActiveCfg = Release|Any CPU
		{CB4CE7D4-5048-4D6A-9005-05C75D9D4898}.Release|x86.Build.0 = Release|Any CPU
		{67387AB0-99B8-45BD-8DFB-EC3F5C4C623F}.Debug|Any CPU.ActiveCfg = Debug|Any CPU
		{67387AB0-99B8-45BD-8DFB-EC3F5C4C623F}.Debug|Any CPU.Build.0 = Debug|Any CPU
		{67387AB0-99B8-45BD-8DFB-EC3F5C4C623F}.Debug|ARM.ActiveCfg = Debug|Any CPU
		{67387AB0-99B8-45BD-8DFB-EC3F5C4C623F}.Debug|ARM.Build.0 = Debug|Any CPU
		{67387AB0-99B8-45BD-8DFB-EC3F5C4C623F}.Debug|ARM64.ActiveCfg = Debug|Any CPU
		{67387AB0-99B8-45BD-8DFB-EC3F5C4C623F}.Debug|ARM64.Build.0 = Debug|Any CPU
		{67387AB0-99B8-45BD-8DFB-EC3F5C4C623F}.Debug|x64.ActiveCfg = Debug|Any CPU
		{67387AB0-99B8-45BD-8DFB-EC3F5C4C623F}.Debug|x64.Build.0 = Debug|Any CPU
		{67387AB0-99B8-45BD-8DFB-EC3F5C4C623F}.Debug|x86.ActiveCfg = Debug|Any CPU
		{67387AB0-99B8-45BD-8DFB-EC3F5C4C623F}.Debug|x86.Build.0 = Debug|Any CPU
		{67387AB0-99B8-45BD-8DFB-EC3F5C4C623F}.Release|Any CPU.ActiveCfg = Release|Any CPU
		{67387AB0-99B8-45BD-8DFB-EC3F5C4C623F}.Release|Any CPU.Build.0 = Release|Any CPU
		{67387AB0-99B8-45BD-8DFB-EC3F5C4C623F}.Release|ARM.ActiveCfg = Release|Any CPU
		{67387AB0-99B8-45BD-8DFB-EC3F5C4C623F}.Release|ARM.Build.0 = Release|Any CPU
		{67387AB0-99B8-45BD-8DFB-EC3F5C4C623F}.Release|ARM64.ActiveCfg = Release|Any CPU
		{67387AB0-99B8-45BD-8DFB-EC3F5C4C623F}.Release|ARM64.Build.0 = Release|Any CPU
		{67387AB0-99B8-45BD-8DFB-EC3F5C4C623F}.Release|x64.ActiveCfg = Release|Any CPU
		{67387AB0-99B8-45BD-8DFB-EC3F5C4C623F}.Release|x64.Build.0 = Release|Any CPU
		{67387AB0-99B8-45BD-8DFB-EC3F5C4C623F}.Release|x86.ActiveCfg = Release|Any CPU
		{67387AB0-99B8-45BD-8DFB-EC3F5C4C623F}.Release|x86.Build.0 = Release|Any CPU
		{96536D55-42E1-4B69-8FED-43ACB72DA175}.Debug|Any CPU.ActiveCfg = Debug|Any CPU
		{96536D55-42E1-4B69-8FED-43ACB72DA175}.Debug|Any CPU.Build.0 = Debug|Any CPU
		{96536D55-42E1-4B69-8FED-43ACB72DA175}.Debug|ARM.ActiveCfg = Debug|Any CPU
		{96536D55-42E1-4B69-8FED-43ACB72DA175}.Debug|ARM.Build.0 = Debug|Any CPU
		{96536D55-42E1-4B69-8FED-43ACB72DA175}.Debug|ARM64.ActiveCfg = Debug|Any CPU
		{96536D55-42E1-4B69-8FED-43ACB72DA175}.Debug|ARM64.Build.0 = Debug|Any CPU
		{96536D55-42E1-4B69-8FED-43ACB72DA175}.Debug|x64.ActiveCfg = Debug|Any CPU
		{96536D55-42E1-4B69-8FED-43ACB72DA175}.Debug|x64.Build.0 = Debug|Any CPU
		{96536D55-42E1-4B69-8FED-43ACB72DA175}.Debug|x86.ActiveCfg = Debug|Any CPU
		{96536D55-42E1-4B69-8FED-43ACB72DA175}.Debug|x86.Build.0 = Debug|Any CPU
		{96536D55-42E1-4B69-8FED-43ACB72DA175}.Release|Any CPU.ActiveCfg = Release|Any CPU
		{96536D55-42E1-4B69-8FED-43ACB72DA175}.Release|Any CPU.Build.0 = Release|Any CPU
		{96536D55-42E1-4B69-8FED-43ACB72DA175}.Release|ARM.ActiveCfg = Release|Any CPU
		{96536D55-42E1-4B69-8FED-43ACB72DA175}.Release|ARM.Build.0 = Release|Any CPU
		{96536D55-42E1-4B69-8FED-43ACB72DA175}.Release|ARM64.ActiveCfg = Release|Any CPU
		{96536D55-42E1-4B69-8FED-43ACB72DA175}.Release|ARM64.Build.0 = Release|Any CPU
		{96536D55-42E1-4B69-8FED-43ACB72DA175}.Release|x64.ActiveCfg = Release|Any CPU
		{96536D55-42E1-4B69-8FED-43ACB72DA175}.Release|x64.Build.0 = Release|Any CPU
		{96536D55-42E1-4B69-8FED-43ACB72DA175}.Release|x86.ActiveCfg = Release|Any CPU
		{96536D55-42E1-4B69-8FED-43ACB72DA175}.Release|x86.Build.0 = Release|Any CPU
		{2B0249D8-91A5-4B69-811C-300D90FD82EB}.Debug|Any CPU.ActiveCfg = Debug|Any CPU
		{2B0249D8-91A5-4B69-811C-300D90FD82EB}.Debug|Any CPU.Build.0 = Debug|Any CPU
		{2B0249D8-91A5-4B69-811C-300D90FD82EB}.Debug|ARM.ActiveCfg = Debug|Any CPU
		{2B0249D8-91A5-4B69-811C-300D90FD82EB}.Debug|ARM.Build.0 = Debug|Any CPU
		{2B0249D8-91A5-4B69-811C-300D90FD82EB}.Debug|ARM64.ActiveCfg = Debug|Any CPU
		{2B0249D8-91A5-4B69-811C-300D90FD82EB}.Debug|ARM64.Build.0 = Debug|Any CPU
		{2B0249D8-91A5-4B69-811C-300D90FD82EB}.Debug|x64.ActiveCfg = Debug|Any CPU
		{2B0249D8-91A5-4B69-811C-300D90FD82EB}.Debug|x64.Build.0 = Debug|Any CPU
		{2B0249D8-91A5-4B69-811C-300D90FD82EB}.Debug|x86.ActiveCfg = Debug|Any CPU
		{2B0249D8-91A5-4B69-811C-300D90FD82EB}.Debug|x86.Build.0 = Debug|Any CPU
		{2B0249D8-91A5-4B69-811C-300D90FD82EB}.Release|Any CPU.ActiveCfg = Release|Any CPU
		{2B0249D8-91A5-4B69-811C-300D90FD82EB}.Release|Any CPU.Build.0 = Release|Any CPU
		{2B0249D8-91A5-4B69-811C-300D90FD82EB}.Release|ARM.ActiveCfg = Release|Any CPU
		{2B0249D8-91A5-4B69-811C-300D90FD82EB}.Release|ARM.Build.0 = Release|Any CPU
		{2B0249D8-91A5-4B69-811C-300D90FD82EB}.Release|ARM64.ActiveCfg = Release|Any CPU
		{2B0249D8-91A5-4B69-811C-300D90FD82EB}.Release|ARM64.Build.0 = Release|Any CPU
		{2B0249D8-91A5-4B69-811C-300D90FD82EB}.Release|x64.ActiveCfg = Release|Any CPU
		{2B0249D8-91A5-4B69-811C-300D90FD82EB}.Release|x64.Build.0 = Release|Any CPU
		{2B0249D8-91A5-4B69-811C-300D90FD82EB}.Release|x86.ActiveCfg = Release|Any CPU
		{2B0249D8-91A5-4B69-811C-300D90FD82EB}.Release|x86.Build.0 = Release|Any CPU
		{73A2E245-D755-4055-87A6-7B7AEDD4B07B}.Debug|Any CPU.ActiveCfg = Debug|Any CPU
		{73A2E245-D755-4055-87A6-7B7AEDD4B07B}.Debug|Any CPU.Build.0 = Debug|Any CPU
		{73A2E245-D755-4055-87A6-7B7AEDD4B07B}.Debug|ARM.ActiveCfg = Debug|Any CPU
		{73A2E245-D755-4055-87A6-7B7AEDD4B07B}.Debug|ARM.Build.0 = Debug|Any CPU
		{73A2E245-D755-4055-87A6-7B7AEDD4B07B}.Debug|ARM64.ActiveCfg = Debug|Any CPU
		{73A2E245-D755-4055-87A6-7B7AEDD4B07B}.Debug|ARM64.Build.0 = Debug|Any CPU
		{73A2E245-D755-4055-87A6-7B7AEDD4B07B}.Debug|x64.ActiveCfg = Debug|Any CPU
		{73A2E245-D755-4055-87A6-7B7AEDD4B07B}.Debug|x64.Build.0 = Debug|Any CPU
		{73A2E245-D755-4055-87A6-7B7AEDD4B07B}.Debug|x86.ActiveCfg = Debug|Any CPU
		{73A2E245-D755-4055-87A6-7B7AEDD4B07B}.Debug|x86.Build.0 = Debug|Any CPU
		{73A2E245-D755-4055-87A6-7B7AEDD4B07B}.Release|Any CPU.ActiveCfg = Release|Any CPU
		{73A2E245-D755-4055-87A6-7B7AEDD4B07B}.Release|Any CPU.Build.0 = Release|Any CPU
		{73A2E245-D755-4055-87A6-7B7AEDD4B07B}.Release|ARM.ActiveCfg = Release|Any CPU
		{73A2E245-D755-4055-87A6-7B7AEDD4B07B}.Release|ARM.Build.0 = Release|Any CPU
		{73A2E245-D755-4055-87A6-7B7AEDD4B07B}.Release|ARM64.ActiveCfg = Release|Any CPU
		{73A2E245-D755-4055-87A6-7B7AEDD4B07B}.Release|ARM64.Build.0 = Release|Any CPU
		{73A2E245-D755-4055-87A6-7B7AEDD4B07B}.Release|x64.ActiveCfg = Release|Any CPU
		{73A2E245-D755-4055-87A6-7B7AEDD4B07B}.Release|x64.Build.0 = Release|Any CPU
		{73A2E245-D755-4055-87A6-7B7AEDD4B07B}.Release|x86.ActiveCfg = Release|Any CPU
		{73A2E245-D755-4055-87A6-7B7AEDD4B07B}.Release|x86.Build.0 = Release|Any CPU
		{B7E7B414-218E-4D5D-83F3-1D35C00BA2B0}.Debug|Any CPU.ActiveCfg = Debug|Any CPU
		{B7E7B414-218E-4D5D-83F3-1D35C00BA2B0}.Debug|Any CPU.Build.0 = Debug|Any CPU
		{B7E7B414-218E-4D5D-83F3-1D35C00BA2B0}.Debug|ARM.ActiveCfg = Debug|Any CPU
		{B7E7B414-218E-4D5D-83F3-1D35C00BA2B0}.Debug|ARM.Build.0 = Debug|Any CPU
		{B7E7B414-218E-4D5D-83F3-1D35C00BA2B0}.Debug|ARM64.ActiveCfg = Debug|Any CPU
		{B7E7B414-218E-4D5D-83F3-1D35C00BA2B0}.Debug|ARM64.Build.0 = Debug|Any CPU
		{B7E7B414-218E-4D5D-83F3-1D35C00BA2B0}.Debug|x64.ActiveCfg = Debug|Any CPU
		{B7E7B414-218E-4D5D-83F3-1D35C00BA2B0}.Debug|x64.Build.0 = Debug|Any CPU
		{B7E7B414-218E-4D5D-83F3-1D35C00BA2B0}.Debug|x86.ActiveCfg = Debug|Any CPU
		{B7E7B414-218E-4D5D-83F3-1D35C00BA2B0}.Debug|x86.Build.0 = Debug|Any CPU
		{B7E7B414-218E-4D5D-83F3-1D35C00BA2B0}.Release|Any CPU.ActiveCfg = Release|Any CPU
		{B7E7B414-218E-4D5D-83F3-1D35C00BA2B0}.Release|Any CPU.Build.0 = Release|Any CPU
		{B7E7B414-218E-4D5D-83F3-1D35C00BA2B0}.Release|ARM.ActiveCfg = Release|Any CPU
		{B7E7B414-218E-4D5D-83F3-1D35C00BA2B0}.Release|ARM.Build.0 = Release|Any CPU
		{B7E7B414-218E-4D5D-83F3-1D35C00BA2B0}.Release|ARM64.ActiveCfg = Release|Any CPU
		{B7E7B414-218E-4D5D-83F3-1D35C00BA2B0}.Release|ARM64.Build.0 = Release|Any CPU
		{B7E7B414-218E-4D5D-83F3-1D35C00BA2B0}.Release|x64.ActiveCfg = Release|Any CPU
		{B7E7B414-218E-4D5D-83F3-1D35C00BA2B0}.Release|x64.Build.0 = Release|Any CPU
		{B7E7B414-218E-4D5D-83F3-1D35C00BA2B0}.Release|x86.ActiveCfg = Release|Any CPU
		{B7E7B414-218E-4D5D-83F3-1D35C00BA2B0}.Release|x86.Build.0 = Release|Any CPU
		{6CD0D25B-6600-4FDD-B1BB-99DDBD909B5D}.Debug|Any CPU.ActiveCfg = Debug|Any CPU
		{6CD0D25B-6600-4FDD-B1BB-99DDBD909B5D}.Debug|Any CPU.Build.0 = Debug|Any CPU
		{6CD0D25B-6600-4FDD-B1BB-99DDBD909B5D}.Debug|ARM.ActiveCfg = Debug|Any CPU
		{6CD0D25B-6600-4FDD-B1BB-99DDBD909B5D}.Debug|ARM.Build.0 = Debug|Any CPU
		{6CD0D25B-6600-4FDD-B1BB-99DDBD909B5D}.Debug|ARM64.ActiveCfg = Debug|Any CPU
		{6CD0D25B-6600-4FDD-B1BB-99DDBD909B5D}.Debug|ARM64.Build.0 = Debug|Any CPU
		{6CD0D25B-6600-4FDD-B1BB-99DDBD909B5D}.Debug|x64.ActiveCfg = Debug|Any CPU
		{6CD0D25B-6600-4FDD-B1BB-99DDBD909B5D}.Debug|x64.Build.0 = Debug|Any CPU
		{6CD0D25B-6600-4FDD-B1BB-99DDBD909B5D}.Debug|x86.ActiveCfg = Debug|Any CPU
		{6CD0D25B-6600-4FDD-B1BB-99DDBD909B5D}.Debug|x86.Build.0 = Debug|Any CPU
		{6CD0D25B-6600-4FDD-B1BB-99DDBD909B5D}.Release|Any CPU.ActiveCfg = Release|Any CPU
		{6CD0D25B-6600-4FDD-B1BB-99DDBD909B5D}.Release|Any CPU.Build.0 = Release|Any CPU
		{6CD0D25B-6600-4FDD-B1BB-99DDBD909B5D}.Release|ARM.ActiveCfg = Release|Any CPU
		{6CD0D25B-6600-4FDD-B1BB-99DDBD909B5D}.Release|ARM.Build.0 = Release|Any CPU
		{6CD0D25B-6600-4FDD-B1BB-99DDBD909B5D}.Release|ARM64.ActiveCfg = Release|Any CPU
		{6CD0D25B-6600-4FDD-B1BB-99DDBD909B5D}.Release|ARM64.Build.0 = Release|Any CPU
		{6CD0D25B-6600-4FDD-B1BB-99DDBD909B5D}.Release|x64.ActiveCfg = Release|Any CPU
		{6CD0D25B-6600-4FDD-B1BB-99DDBD909B5D}.Release|x64.Build.0 = Release|Any CPU
		{6CD0D25B-6600-4FDD-B1BB-99DDBD909B5D}.Release|x86.ActiveCfg = Release|Any CPU
		{6CD0D25B-6600-4FDD-B1BB-99DDBD909B5D}.Release|x86.Build.0 = Release|Any CPU
		{04DD7339-2A7D-49E9-80FF-1B2DD068C45E}.Debug|Any CPU.ActiveCfg = Debug|Any CPU
		{04DD7339-2A7D-49E9-80FF-1B2DD068C45E}.Debug|Any CPU.Build.0 = Debug|Any CPU
		{04DD7339-2A7D-49E9-80FF-1B2DD068C45E}.Debug|ARM.ActiveCfg = Debug|Any CPU
		{04DD7339-2A7D-49E9-80FF-1B2DD068C45E}.Debug|ARM.Build.0 = Debug|Any CPU
		{04DD7339-2A7D-49E9-80FF-1B2DD068C45E}.Debug|ARM64.ActiveCfg = Debug|Any CPU
		{04DD7339-2A7D-49E9-80FF-1B2DD068C45E}.Debug|ARM64.Build.0 = Debug|Any CPU
		{04DD7339-2A7D-49E9-80FF-1B2DD068C45E}.Debug|x64.ActiveCfg = Debug|x64
		{04DD7339-2A7D-49E9-80FF-1B2DD068C45E}.Debug|x64.Build.0 = Debug|x64
		{04DD7339-2A7D-49E9-80FF-1B2DD068C45E}.Debug|x86.ActiveCfg = Debug|Any CPU
		{04DD7339-2A7D-49E9-80FF-1B2DD068C45E}.Debug|x86.Build.0 = Debug|Any CPU
		{04DD7339-2A7D-49E9-80FF-1B2DD068C45E}.Release|Any CPU.ActiveCfg = Release|Any CPU
		{04DD7339-2A7D-49E9-80FF-1B2DD068C45E}.Release|Any CPU.Build.0 = Release|Any CPU
		{04DD7339-2A7D-49E9-80FF-1B2DD068C45E}.Release|ARM.ActiveCfg = Release|Any CPU
		{04DD7339-2A7D-49E9-80FF-1B2DD068C45E}.Release|ARM.Build.0 = Release|Any CPU
		{04DD7339-2A7D-49E9-80FF-1B2DD068C45E}.Release|ARM64.ActiveCfg = Release|Any CPU
		{04DD7339-2A7D-49E9-80FF-1B2DD068C45E}.Release|ARM64.Build.0 = Release|Any CPU
		{04DD7339-2A7D-49E9-80FF-1B2DD068C45E}.Release|x64.ActiveCfg = Release|x64
		{04DD7339-2A7D-49E9-80FF-1B2DD068C45E}.Release|x64.Build.0 = Release|x64
		{04DD7339-2A7D-49E9-80FF-1B2DD068C45E}.Release|x86.ActiveCfg = Release|Any CPU
		{04DD7339-2A7D-49E9-80FF-1B2DD068C45E}.Release|x86.Build.0 = Release|Any CPU
		{7B97A19B-A294-4C14-82A2-0355E9FD0FBB}.Debug|Any CPU.ActiveCfg = Debug|Any CPU
		{7B97A19B-A294-4C14-82A2-0355E9FD0FBB}.Debug|Any CPU.Build.0 = Debug|Any CPU
		{7B97A19B-A294-4C14-82A2-0355E9FD0FBB}.Debug|ARM.ActiveCfg = Debug|Any CPU
		{7B97A19B-A294-4C14-82A2-0355E9FD0FBB}.Debug|ARM.Build.0 = Debug|Any CPU
		{7B97A19B-A294-4C14-82A2-0355E9FD0FBB}.Debug|ARM64.ActiveCfg = Debug|Any CPU
		{7B97A19B-A294-4C14-82A2-0355E9FD0FBB}.Debug|ARM64.Build.0 = Debug|Any CPU
		{7B97A19B-A294-4C14-82A2-0355E9FD0FBB}.Debug|x64.ActiveCfg = Debug|Any CPU
		{7B97A19B-A294-4C14-82A2-0355E9FD0FBB}.Debug|x64.Build.0 = Debug|Any CPU
		{7B97A19B-A294-4C14-82A2-0355E9FD0FBB}.Debug|x86.ActiveCfg = Debug|Any CPU
		{7B97A19B-A294-4C14-82A2-0355E9FD0FBB}.Debug|x86.Build.0 = Debug|Any CPU
		{7B97A19B-A294-4C14-82A2-0355E9FD0FBB}.Release|Any CPU.ActiveCfg = Release|Any CPU
		{7B97A19B-A294-4C14-82A2-0355E9FD0FBB}.Release|Any CPU.Build.0 = Release|Any CPU
		{7B97A19B-A294-4C14-82A2-0355E9FD0FBB}.Release|ARM.ActiveCfg = Release|Any CPU
		{7B97A19B-A294-4C14-82A2-0355E9FD0FBB}.Release|ARM.Build.0 = Release|Any CPU
		{7B97A19B-A294-4C14-82A2-0355E9FD0FBB}.Release|ARM64.ActiveCfg = Release|Any CPU
		{7B97A19B-A294-4C14-82A2-0355E9FD0FBB}.Release|ARM64.Build.0 = Release|Any CPU
		{7B97A19B-A294-4C14-82A2-0355E9FD0FBB}.Release|x64.ActiveCfg = Release|Any CPU
		{7B97A19B-A294-4C14-82A2-0355E9FD0FBB}.Release|x64.Build.0 = Release|Any CPU
		{7B97A19B-A294-4C14-82A2-0355E9FD0FBB}.Release|x86.ActiveCfg = Release|Any CPU
		{7B97A19B-A294-4C14-82A2-0355E9FD0FBB}.Release|x86.Build.0 = Release|Any CPU
		{3F8E46BC-8E54-4808-B58A-00841131DD87}.Debug|Any CPU.ActiveCfg = Debug|Any CPU
		{3F8E46BC-8E54-4808-B58A-00841131DD87}.Debug|Any CPU.Build.0 = Debug|Any CPU
		{3F8E46BC-8E54-4808-B58A-00841131DD87}.Debug|Any CPU.Deploy.0 = Debug|Any CPU
		{3F8E46BC-8E54-4808-B58A-00841131DD87}.Debug|ARM.ActiveCfg = Debug|ARM
		{3F8E46BC-8E54-4808-B58A-00841131DD87}.Debug|ARM.Build.0 = Debug|ARM
		{3F8E46BC-8E54-4808-B58A-00841131DD87}.Debug|ARM.Deploy.0 = Debug|ARM
		{3F8E46BC-8E54-4808-B58A-00841131DD87}.Debug|ARM64.ActiveCfg = Debug|ARM64
		{3F8E46BC-8E54-4808-B58A-00841131DD87}.Debug|ARM64.Build.0 = Debug|ARM64
		{3F8E46BC-8E54-4808-B58A-00841131DD87}.Debug|ARM64.Deploy.0 = Debug|ARM64
		{3F8E46BC-8E54-4808-B58A-00841131DD87}.Debug|x64.ActiveCfg = Debug|x64
		{3F8E46BC-8E54-4808-B58A-00841131DD87}.Debug|x64.Build.0 = Debug|x64
		{3F8E46BC-8E54-4808-B58A-00841131DD87}.Debug|x64.Deploy.0 = Debug|x64
		{3F8E46BC-8E54-4808-B58A-00841131DD87}.Debug|x86.ActiveCfg = Debug|x86
		{3F8E46BC-8E54-4808-B58A-00841131DD87}.Debug|x86.Build.0 = Debug|x86
		{3F8E46BC-8E54-4808-B58A-00841131DD87}.Debug|x86.Deploy.0 = Debug|x86
		{3F8E46BC-8E54-4808-B58A-00841131DD87}.Release|Any CPU.ActiveCfg = Release|Any CPU
		{3F8E46BC-8E54-4808-B58A-00841131DD87}.Release|Any CPU.Build.0 = Release|Any CPU
		{3F8E46BC-8E54-4808-B58A-00841131DD87}.Release|Any CPU.Deploy.0 = Release|Any CPU
		{3F8E46BC-8E54-4808-B58A-00841131DD87}.Release|ARM.ActiveCfg = Release|ARM
		{3F8E46BC-8E54-4808-B58A-00841131DD87}.Release|ARM.Build.0 = Release|ARM
		{3F8E46BC-8E54-4808-B58A-00841131DD87}.Release|ARM.Deploy.0 = Release|ARM
		{3F8E46BC-8E54-4808-B58A-00841131DD87}.Release|ARM64.ActiveCfg = Release|ARM64
		{3F8E46BC-8E54-4808-B58A-00841131DD87}.Release|ARM64.Build.0 = Release|ARM64
		{3F8E46BC-8E54-4808-B58A-00841131DD87}.Release|ARM64.Deploy.0 = Release|ARM64
		{3F8E46BC-8E54-4808-B58A-00841131DD87}.Release|x64.ActiveCfg = Release|x64
		{3F8E46BC-8E54-4808-B58A-00841131DD87}.Release|x64.Build.0 = Release|x64
		{3F8E46BC-8E54-4808-B58A-00841131DD87}.Release|x64.Deploy.0 = Release|x64
		{3F8E46BC-8E54-4808-B58A-00841131DD87}.Release|x86.ActiveCfg = Release|x86
		{3F8E46BC-8E54-4808-B58A-00841131DD87}.Release|x86.Build.0 = Release|x86
		{3F8E46BC-8E54-4808-B58A-00841131DD87}.Release|x86.Deploy.0 = Release|x86
		{043F9084-71C4-4493-BFA7-B6129618A293}.Debug|Any CPU.ActiveCfg = Debug|Any CPU
		{043F9084-71C4-4493-BFA7-B6129618A293}.Debug|Any CPU.Build.0 = Debug|Any CPU
		{043F9084-71C4-4493-BFA7-B6129618A293}.Debug|ARM.ActiveCfg = Debug|Any CPU
		{043F9084-71C4-4493-BFA7-B6129618A293}.Debug|ARM.Build.0 = Debug|Any CPU
		{043F9084-71C4-4493-BFA7-B6129618A293}.Debug|ARM64.ActiveCfg = Debug|Any CPU
		{043F9084-71C4-4493-BFA7-B6129618A293}.Debug|ARM64.Build.0 = Debug|Any CPU
		{043F9084-71C4-4493-BFA7-B6129618A293}.Debug|x64.ActiveCfg = Debug|Any CPU
		{043F9084-71C4-4493-BFA7-B6129618A293}.Debug|x64.Build.0 = Debug|Any CPU
		{043F9084-71C4-4493-BFA7-B6129618A293}.Debug|x86.ActiveCfg = Debug|Any CPU
		{043F9084-71C4-4493-BFA7-B6129618A293}.Debug|x86.Build.0 = Debug|Any CPU
		{043F9084-71C4-4493-BFA7-B6129618A293}.Release|Any CPU.ActiveCfg = Release|Any CPU
		{043F9084-71C4-4493-BFA7-B6129618A293}.Release|Any CPU.Build.0 = Release|Any CPU
		{043F9084-71C4-4493-BFA7-B6129618A293}.Release|ARM.ActiveCfg = Release|Any CPU
		{043F9084-71C4-4493-BFA7-B6129618A293}.Release|ARM.Build.0 = Release|Any CPU
		{043F9084-71C4-4493-BFA7-B6129618A293}.Release|ARM64.ActiveCfg = Release|Any CPU
		{043F9084-71C4-4493-BFA7-B6129618A293}.Release|ARM64.Build.0 = Release|Any CPU
		{043F9084-71C4-4493-BFA7-B6129618A293}.Release|x64.ActiveCfg = Release|Any CPU
		{043F9084-71C4-4493-BFA7-B6129618A293}.Release|x64.Build.0 = Release|Any CPU
		{043F9084-71C4-4493-BFA7-B6129618A293}.Release|x86.ActiveCfg = Release|Any CPU
		{043F9084-71C4-4493-BFA7-B6129618A293}.Release|x86.Build.0 = Release|Any CPU
		{20ECA174-C5EC-4357-AA5D-8104222147AC}.Debug|Any CPU.ActiveCfg = Debug|Any CPU
		{20ECA174-C5EC-4357-AA5D-8104222147AC}.Debug|Any CPU.Build.0 = Debug|Any CPU
		{20ECA174-C5EC-4357-AA5D-8104222147AC}.Debug|ARM.ActiveCfg = Debug|Any CPU
		{20ECA174-C5EC-4357-AA5D-8104222147AC}.Debug|ARM.Build.0 = Debug|Any CPU
		{20ECA174-C5EC-4357-AA5D-8104222147AC}.Debug|ARM64.ActiveCfg = Debug|Any CPU
		{20ECA174-C5EC-4357-AA5D-8104222147AC}.Debug|ARM64.Build.0 = Debug|Any CPU
		{20ECA174-C5EC-4357-AA5D-8104222147AC}.Debug|x64.ActiveCfg = Debug|Any CPU
		{20ECA174-C5EC-4357-AA5D-8104222147AC}.Debug|x64.Build.0 = Debug|Any CPU
		{20ECA174-C5EC-4357-AA5D-8104222147AC}.Debug|x86.ActiveCfg = Debug|Any CPU
		{20ECA174-C5EC-4357-AA5D-8104222147AC}.Debug|x86.Build.0 = Debug|Any CPU
		{20ECA174-C5EC-4357-AA5D-8104222147AC}.Release|Any CPU.ActiveCfg = Release|Any CPU
		{20ECA174-C5EC-4357-AA5D-8104222147AC}.Release|Any CPU.Build.0 = Release|Any CPU
		{20ECA174-C5EC-4357-AA5D-8104222147AC}.Release|ARM.ActiveCfg = Release|Any CPU
		{20ECA174-C5EC-4357-AA5D-8104222147AC}.Release|ARM.Build.0 = Release|Any CPU
		{20ECA174-C5EC-4357-AA5D-8104222147AC}.Release|ARM64.ActiveCfg = Release|Any CPU
		{20ECA174-C5EC-4357-AA5D-8104222147AC}.Release|ARM64.Build.0 = Release|Any CPU
		{20ECA174-C5EC-4357-AA5D-8104222147AC}.Release|x64.ActiveCfg = Release|Any CPU
		{20ECA174-C5EC-4357-AA5D-8104222147AC}.Release|x64.Build.0 = Release|Any CPU
		{20ECA174-C5EC-4357-AA5D-8104222147AC}.Release|x86.ActiveCfg = Release|Any CPU
		{20ECA174-C5EC-4357-AA5D-8104222147AC}.Release|x86.Build.0 = Release|Any CPU
		{D5831A65-D8B9-4E88-9F9E-F8DFEA117B36}.Debug|Any CPU.ActiveCfg = Debug|Any CPU
		{D5831A65-D8B9-4E88-9F9E-F8DFEA117B36}.Debug|Any CPU.Build.0 = Debug|Any CPU
		{D5831A65-D8B9-4E88-9F9E-F8DFEA117B36}.Debug|ARM.ActiveCfg = Debug|Any CPU
		{D5831A65-D8B9-4E88-9F9E-F8DFEA117B36}.Debug|ARM.Build.0 = Debug|Any CPU
		{D5831A65-D8B9-4E88-9F9E-F8DFEA117B36}.Debug|ARM64.ActiveCfg = Debug|Any CPU
		{D5831A65-D8B9-4E88-9F9E-F8DFEA117B36}.Debug|ARM64.Build.0 = Debug|Any CPU
		{D5831A65-D8B9-4E88-9F9E-F8DFEA117B36}.Debug|x64.ActiveCfg = Debug|Any CPU
		{D5831A65-D8B9-4E88-9F9E-F8DFEA117B36}.Debug|x64.Build.0 = Debug|Any CPU
		{D5831A65-D8B9-4E88-9F9E-F8DFEA117B36}.Debug|x86.ActiveCfg = Debug|Any CPU
		{D5831A65-D8B9-4E88-9F9E-F8DFEA117B36}.Debug|x86.Build.0 = Debug|Any CPU
		{D5831A65-D8B9-4E88-9F9E-F8DFEA117B36}.Release|Any CPU.ActiveCfg = Release|Any CPU
		{D5831A65-D8B9-4E88-9F9E-F8DFEA117B36}.Release|Any CPU.Build.0 = Release|Any CPU
		{D5831A65-D8B9-4E88-9F9E-F8DFEA117B36}.Release|ARM.ActiveCfg = Release|Any CPU
		{D5831A65-D8B9-4E88-9F9E-F8DFEA117B36}.Release|ARM.Build.0 = Release|Any CPU
		{D5831A65-D8B9-4E88-9F9E-F8DFEA117B36}.Release|ARM64.ActiveCfg = Release|Any CPU
		{D5831A65-D8B9-4E88-9F9E-F8DFEA117B36}.Release|ARM64.Build.0 = Release|Any CPU
		{D5831A65-D8B9-4E88-9F9E-F8DFEA117B36}.Release|x64.ActiveCfg = Release|Any CPU
		{D5831A65-D8B9-4E88-9F9E-F8DFEA117B36}.Release|x64.Build.0 = Release|Any CPU
		{D5831A65-D8B9-4E88-9F9E-F8DFEA117B36}.Release|x86.ActiveCfg = Release|Any CPU
		{D5831A65-D8B9-4E88-9F9E-F8DFEA117B36}.Release|x86.Build.0 = Release|Any CPU
		{21ED2BEA-8F91-437D-8C8B-E71AB91D8B78}.Debug|Any CPU.ActiveCfg = Debug|Any CPU
		{21ED2BEA-8F91-437D-8C8B-E71AB91D8B78}.Debug|Any CPU.Build.0 = Debug|Any CPU
		{21ED2BEA-8F91-437D-8C8B-E71AB91D8B78}.Debug|ARM.ActiveCfg = Debug|Any CPU
		{21ED2BEA-8F91-437D-8C8B-E71AB91D8B78}.Debug|ARM.Build.0 = Debug|Any CPU
		{21ED2BEA-8F91-437D-8C8B-E71AB91D8B78}.Debug|ARM64.ActiveCfg = Debug|Any CPU
		{21ED2BEA-8F91-437D-8C8B-E71AB91D8B78}.Debug|ARM64.Build.0 = Debug|Any CPU
		{21ED2BEA-8F91-437D-8C8B-E71AB91D8B78}.Debug|x64.ActiveCfg = Debug|Any CPU
		{21ED2BEA-8F91-437D-8C8B-E71AB91D8B78}.Debug|x64.Build.0 = Debug|Any CPU
		{21ED2BEA-8F91-437D-8C8B-E71AB91D8B78}.Debug|x86.ActiveCfg = Debug|Any CPU
		{21ED2BEA-8F91-437D-8C8B-E71AB91D8B78}.Debug|x86.Build.0 = Debug|Any CPU
		{21ED2BEA-8F91-437D-8C8B-E71AB91D8B78}.Release|Any CPU.ActiveCfg = Release|Any CPU
		{21ED2BEA-8F91-437D-8C8B-E71AB91D8B78}.Release|Any CPU.Build.0 = Release|Any CPU
		{21ED2BEA-8F91-437D-8C8B-E71AB91D8B78}.Release|ARM.ActiveCfg = Release|Any CPU
		{21ED2BEA-8F91-437D-8C8B-E71AB91D8B78}.Release|ARM.Build.0 = Release|Any CPU
		{21ED2BEA-8F91-437D-8C8B-E71AB91D8B78}.Release|ARM64.ActiveCfg = Release|Any CPU
		{21ED2BEA-8F91-437D-8C8B-E71AB91D8B78}.Release|ARM64.Build.0 = Release|Any CPU
		{21ED2BEA-8F91-437D-8C8B-E71AB91D8B78}.Release|x64.ActiveCfg = Release|Any CPU
		{21ED2BEA-8F91-437D-8C8B-E71AB91D8B78}.Release|x64.Build.0 = Release|Any CPU
		{21ED2BEA-8F91-437D-8C8B-E71AB91D8B78}.Release|x86.ActiveCfg = Release|Any CPU
		{21ED2BEA-8F91-437D-8C8B-E71AB91D8B78}.Release|x86.Build.0 = Release|Any CPU
		{81601715-E57D-40E8-9274-693F37EC9D2F}.Debug|Any CPU.ActiveCfg = Debug|Any CPU
		{81601715-E57D-40E8-9274-693F37EC9D2F}.Debug|Any CPU.Build.0 = Debug|Any CPU
		{81601715-E57D-40E8-9274-693F37EC9D2F}.Debug|ARM.ActiveCfg = Debug|Any CPU
		{81601715-E57D-40E8-9274-693F37EC9D2F}.Debug|ARM.Build.0 = Debug|Any CPU
		{81601715-E57D-40E8-9274-693F37EC9D2F}.Debug|ARM64.ActiveCfg = Debug|Any CPU
		{81601715-E57D-40E8-9274-693F37EC9D2F}.Debug|ARM64.Build.0 = Debug|Any CPU
		{81601715-E57D-40E8-9274-693F37EC9D2F}.Debug|x64.ActiveCfg = Debug|Any CPU
		{81601715-E57D-40E8-9274-693F37EC9D2F}.Debug|x64.Build.0 = Debug|Any CPU
		{81601715-E57D-40E8-9274-693F37EC9D2F}.Debug|x86.ActiveCfg = Debug|Any CPU
		{81601715-E57D-40E8-9274-693F37EC9D2F}.Debug|x86.Build.0 = Debug|Any CPU
		{81601715-E57D-40E8-9274-693F37EC9D2F}.Release|Any CPU.ActiveCfg = Release|Any CPU
		{81601715-E57D-40E8-9274-693F37EC9D2F}.Release|Any CPU.Build.0 = Release|Any CPU
		{81601715-E57D-40E8-9274-693F37EC9D2F}.Release|ARM.ActiveCfg = Release|Any CPU
		{81601715-E57D-40E8-9274-693F37EC9D2F}.Release|ARM.Build.0 = Release|Any CPU
		{81601715-E57D-40E8-9274-693F37EC9D2F}.Release|ARM64.ActiveCfg = Release|Any CPU
		{81601715-E57D-40E8-9274-693F37EC9D2F}.Release|ARM64.Build.0 = Release|Any CPU
		{81601715-E57D-40E8-9274-693F37EC9D2F}.Release|x64.ActiveCfg = Release|Any CPU
		{81601715-E57D-40E8-9274-693F37EC9D2F}.Release|x64.Build.0 = Release|Any CPU
		{81601715-E57D-40E8-9274-693F37EC9D2F}.Release|x86.ActiveCfg = Release|Any CPU
		{81601715-E57D-40E8-9274-693F37EC9D2F}.Release|x86.Build.0 = Release|Any CPU
		{93B8E44B-55E7-4B6E-8F59-637CAC0C279C}.Debug|Any CPU.ActiveCfg = Debug|Any CPU
		{93B8E44B-55E7-4B6E-8F59-637CAC0C279C}.Debug|Any CPU.Build.0 = Debug|Any CPU
		{93B8E44B-55E7-4B6E-8F59-637CAC0C279C}.Debug|ARM.ActiveCfg = Debug|Any CPU
		{93B8E44B-55E7-4B6E-8F59-637CAC0C279C}.Debug|ARM.Build.0 = Debug|Any CPU
		{93B8E44B-55E7-4B6E-8F59-637CAC0C279C}.Debug|ARM64.ActiveCfg = Debug|Any CPU
		{93B8E44B-55E7-4B6E-8F59-637CAC0C279C}.Debug|ARM64.Build.0 = Debug|Any CPU
		{93B8E44B-55E7-4B6E-8F59-637CAC0C279C}.Debug|x64.ActiveCfg = Debug|Any CPU
		{93B8E44B-55E7-4B6E-8F59-637CAC0C279C}.Debug|x64.Build.0 = Debug|Any CPU
		{93B8E44B-55E7-4B6E-8F59-637CAC0C279C}.Debug|x86.ActiveCfg = Debug|Any CPU
		{93B8E44B-55E7-4B6E-8F59-637CAC0C279C}.Debug|x86.Build.0 = Debug|Any CPU
		{93B8E44B-55E7-4B6E-8F59-637CAC0C279C}.Release|Any CPU.ActiveCfg = Release|Any CPU
		{93B8E44B-55E7-4B6E-8F59-637CAC0C279C}.Release|Any CPU.Build.0 = Release|Any CPU
		{93B8E44B-55E7-4B6E-8F59-637CAC0C279C}.Release|ARM.ActiveCfg = Release|Any CPU
		{93B8E44B-55E7-4B6E-8F59-637CAC0C279C}.Release|ARM.Build.0 = Release|Any CPU
		{93B8E44B-55E7-4B6E-8F59-637CAC0C279C}.Release|ARM64.ActiveCfg = Release|Any CPU
		{93B8E44B-55E7-4B6E-8F59-637CAC0C279C}.Release|ARM64.Build.0 = Release|Any CPU
		{93B8E44B-55E7-4B6E-8F59-637CAC0C279C}.Release|x64.ActiveCfg = Release|Any CPU
		{93B8E44B-55E7-4B6E-8F59-637CAC0C279C}.Release|x64.Build.0 = Release|Any CPU
		{93B8E44B-55E7-4B6E-8F59-637CAC0C279C}.Release|x86.ActiveCfg = Release|Any CPU
		{93B8E44B-55E7-4B6E-8F59-637CAC0C279C}.Release|x86.Build.0 = Release|Any CPU
		{F0EE2154-32E1-4F53-831D-09A9A2B5336A}.Debug|Any CPU.ActiveCfg = Debug|Any CPU
		{F0EE2154-32E1-4F53-831D-09A9A2B5336A}.Debug|Any CPU.Build.0 = Debug|Any CPU
		{F0EE2154-32E1-4F53-831D-09A9A2B5336A}.Debug|ARM.ActiveCfg = Debug|Any CPU
		{F0EE2154-32E1-4F53-831D-09A9A2B5336A}.Debug|ARM.Build.0 = Debug|Any CPU
		{F0EE2154-32E1-4F53-831D-09A9A2B5336A}.Debug|ARM64.ActiveCfg = Debug|Any CPU
		{F0EE2154-32E1-4F53-831D-09A9A2B5336A}.Debug|ARM64.Build.0 = Debug|Any CPU
		{F0EE2154-32E1-4F53-831D-09A9A2B5336A}.Debug|x64.ActiveCfg = Debug|Any CPU
		{F0EE2154-32E1-4F53-831D-09A9A2B5336A}.Debug|x64.Build.0 = Debug|Any CPU
		{F0EE2154-32E1-4F53-831D-09A9A2B5336A}.Debug|x86.ActiveCfg = Debug|Any CPU
		{F0EE2154-32E1-4F53-831D-09A9A2B5336A}.Debug|x86.Build.0 = Debug|Any CPU
		{F0EE2154-32E1-4F53-831D-09A9A2B5336A}.Release|Any CPU.ActiveCfg = Release|Any CPU
		{F0EE2154-32E1-4F53-831D-09A9A2B5336A}.Release|Any CPU.Build.0 = Release|Any CPU
		{F0EE2154-32E1-4F53-831D-09A9A2B5336A}.Release|ARM.ActiveCfg = Release|Any CPU
		{F0EE2154-32E1-4F53-831D-09A9A2B5336A}.Release|ARM.Build.0 = Release|Any CPU
		{F0EE2154-32E1-4F53-831D-09A9A2B5336A}.Release|ARM64.ActiveCfg = Release|Any CPU
		{F0EE2154-32E1-4F53-831D-09A9A2B5336A}.Release|ARM64.Build.0 = Release|Any CPU
		{F0EE2154-32E1-4F53-831D-09A9A2B5336A}.Release|x64.ActiveCfg = Release|Any CPU
		{F0EE2154-32E1-4F53-831D-09A9A2B5336A}.Release|x64.Build.0 = Release|Any CPU
		{F0EE2154-32E1-4F53-831D-09A9A2B5336A}.Release|x86.ActiveCfg = Release|Any CPU
		{F0EE2154-32E1-4F53-831D-09A9A2B5336A}.Release|x86.Build.0 = Release|Any CPU
	EndGlobalSection
	GlobalSection(SolutionProperties) = preSolution
		HideSolutionNode = FALSE
	EndGlobalSection
	GlobalSection(NestedProjects) = preSolution
		{DBB57DEC-FA2D-465E-A7DF-EF3D9EA8E0C4} = {2BC1C49B-84B5-4AAA-89B6-72004913364E}
		{11FD2B02-1D5B-4257-BEEB-83DC47CF62F3} = {2BC1C49B-84B5-4AAA-89B6-72004913364E}
		{4E4CAA11-8159-40AD-9E77-D2B90A12CFDB} = {2BC1C49B-84B5-4AAA-89B6-72004913364E}
		{6E2A6C3B-C0C1-4C98-89B7-F0A4FB13DA00} = {2BC1C49B-84B5-4AAA-89B6-72004913364E}
		{8E8931F0-98EE-41EA-ABB2-B96203F71A69} = {25E2BC62-0858-4D54-AE1C-9F2E7CE40978}
		{6E82EE4B-A3ED-4D11-A66D-3A1559920A31} = {2BC1C49B-84B5-4AAA-89B6-72004913364E}
		{CBCFD74B-21DA-4F39-A18E-391E449927CD} = {2BC1C49B-84B5-4AAA-89B6-72004913364E}
		{CB4CE7D4-5048-4D6A-9005-05C75D9D4898} = {2BC1C49B-84B5-4AAA-89B6-72004913364E}
		{96536D55-42E1-4B69-8FED-43ACB72DA175} = {5FCFA982-ED2F-441E-A9D9-1CFD30FF6543}
		{6CD0D25B-6600-4FDD-B1BB-99DDBD909B5D} = {5FCFA982-ED2F-441E-A9D9-1CFD30FF6543}
		{7B97A19B-A294-4C14-82A2-0355E9FD0FBB} = {2BC1C49B-84B5-4AAA-89B6-72004913364E}
		{043F9084-71C4-4493-BFA7-B6129618A293} = {AD947998-A388-4783-B9A6-2410E046C91D}
		{20ECA174-C5EC-4357-AA5D-8104222147AC} = {AD947998-A388-4783-B9A6-2410E046C91D}
		{D5831A65-D8B9-4E88-9F9E-F8DFEA117B36} = {2BC1C49B-84B5-4AAA-89B6-72004913364E}
		{21ED2BEA-8F91-437D-8C8B-E71AB91D8B78} = {5FCFA982-ED2F-441E-A9D9-1CFD30FF6543}
		{81601715-E57D-40E8-9274-693F37EC9D2F} = {AD947998-A388-4783-B9A6-2410E046C91D}
		{F0EE2154-32E1-4F53-831D-09A9A2B5336A} = {5FCFA982-ED2F-441E-A9D9-1CFD30FF6543}
	EndGlobalSection
	GlobalSection(ExtensibilityGlobals) = postSolution
		SolutionGuid = {67E6979E-AD2E-4E18-82E9-C7B7D491C3E9}
		RESX_MoveToResources = {"Items":[{"Extensions":".cs,.vb","Patterns":"$Namespace.$File.$Key|$File.$Key|StringResourceKey.$Key|$Namespace.StringResourceKey.$Key|nameof($File.$Key), ResourceType = typeof($File)|ErrorMessageResourceType = typeof($File), ErrorMessageResourceName = nameof($File.$Key)"},{"Extensions":".cshtml,.vbhtml","Patterns":"@$Namespace.$File.$Key|@$File.$Key|@StringResourceKey.$Key|@$Namespace.StringResourceKey.$Key"},{"Extensions":".cpp,.c,.hxx,.h","Patterns":"$File::$Key"},{"Extensions":".aspx,.ascx","Patterns":"<%$ Resources:$File,$Key %>|<%= $File.$Key %>|<%= $Namespace.$File.$Key %>"},{"Extensions":".xaml","Patterns":"\"{x:Static r:$File.$Key}\""},{"Extensions":".ts","Patterns":"resources.$Key"},{"Extensions":".html","Patterns":"{{ resources.$Key }}"}]}
	EndGlobalSection
EndGlobal
