
Microsoft Visual Studio Solution File, Format Version 12.00
# Visual Studio Version 17
VisualStudioVersion = 17.1.32414.318
MinimumVisualStudioVersion = 10.0.40219.1
Project("{9A19103F-16F7-4668-BE54-9A1E7A4F7556}") = "BIS.PBO", "bis-file-formats\BIS.PBO\BIS.PBO.csproj", "{DBB57DEC-FA2D-465E-A7DF-EF3D9EA8E0C4}"
EndProject
Project("{9A19103F-16F7-4668-BE54-9A1E7A4F7556}") = "BIS.Core", "bis-file-formats\BIS.Core\BIS.Core.csproj", "{11FD2B02-1D5B-4257-BEEB-83DC47CF62F3}"
EndProject
Project("{9A19103F-16F7-4668-BE54-9A1E7A4F7556}") = "BIS.WRP", "bis-file-formats\BIS.WRP\BIS.WRP.csproj", "{4E4CAA11-8159-40AD-9E77-D2B90A12CFDB}"
EndProject
Project("{9A19103F-16F7-4668-BE54-9A1E7A4F7556}") = "BIS.PAA", "bis-file-formats\BIS.PAA\BIS.PAA.csproj", "{6E2A6C3B-C0C1-4C98-89B7-F0A4FB13DA00}"
EndProject
Project("{9A19103F-16F7-4668-BE54-9A1E7A4F7556}") = "BIS.ALB", "bis-file-formats\BIS.ALB\BIS.ALB.csproj", "{6E82EE4B-A3ED-4D11-A66D-3A1559920A31}"
EndProject
Project("{9A19103F-16F7-4668-BE54-9A1E7A4F7556}") = "BIS.P3D", "bis-file-formats\BIS.P3D\BIS.P3D.csproj", "{CBCFD74B-21DA-4F39-A18E-391E449927CD}"
EndProject
Project("{9A19103F-16F7-4668-BE54-9A1E7A4F7556}") = "MapToolkit", "mapkit\MapToolkit\MapToolkit.csproj", "{CB4CE7D4-5048-4D6A-9005-05C75D9D4898}"
EndProject
Project("{9A19103F-16F7-4668-BE54-9A1E7A4F7556}") = "GameRealisticMap", "GameRealisticMap\GameRealisticMap.csproj", "{67387AB0-99B8-45BD-8DFB-EC3F5C4C623F}"
EndProject
Project("{9A19103F-16F7-4668-BE54-9A1E7A4F7556}") = "GameRealisticMap.Test", "GameRealisticMap.Test\GameRealisticMap.Test.csproj", "{96536D55-42E1-4B69-8FED-43ACB72DA175}"
EndProject
Project("{9A19103F-16F7-4668-BE54-9A1E7A4F7556}") = "GameRealisticMap.CommandLine", "GameRealisticMap.CommandLine\GameRealisticMap.CommandLine.csproj", "{2B0249D8-91A5-4B69-811C-300D90FD82EB}"
EndProject
Project("{9A19103F-16F7-4668-BE54-9A1E7A4F7556}") = "GameRealisticMap.Arma3", "GameRealisticMap.Arma3\GameRealisticMap.Arma3.csproj", "{73A2E245-D755-4055-87A6-7B7AEDD4B07B}"
EndProject
Project("{9A19103F-16F7-4668-BE54-9A1E7A4F7556}") = "GameRealisticMap.Arma3.CommandLine", "GameRealisticMap.Arma3.CommandLine\GameRealisticMap.Arma3.CommandLine.csproj", "{B7E7B414-218E-4D5D-83F3-1D35C00BA2B0}"
EndProject
Project("{9A19103F-16F7-4668-BE54-9A1E7A4F7556}") = "GameRealisticMap.Arma3.Test", "GameRealisticMap.Arma3.Test\GameRealisticMap.Arma3.Test.csproj", "{6CD0D25B-6600-4FDD-B1BB-99DDBD909B5D}"
EndProject
Project("{2150E333-8FDC-42A3-9474-1A3956D46DE8}") = "Libs", "Libs", "{2BC1C49B-84B5-4AAA-89B6-72004913364E}"
EndProject
Project("{9A19103F-16F7-4668-BE54-9A1E7A4F7556}") = "HugeImages", "HugeImages\HugeImages\HugeImages.csproj", "{7B97A19B-A294-4C14-82A2-0355E9FD0FBB}"
EndProject
Project("{9A19103F-16F7-4668-BE54-9A1E7A4F7556}") = "HugeImages.Test", "HugeImages\HugeImages.Test\HugeImages.Test.csproj", "{BE618D2C-5826-4B49-B887-8434999A4B1B}"
EndProject
Project("{9A19103F-16F7-4668-BE54-9A1E7A4F7556}") = "MapToolkit.Test", "mapkit\MapToolkit.Test\MapToolkit.Test.csproj", "{6B8B93B7-19B9-4E22-8B85-172BC9D3FFB0}"
EndProject
Project("{9A19103F-16F7-4668-BE54-9A1E7A4F7556}") = "GameRealisticMap.Generic", "GameRealisticMap.Generic\GameRealisticMap.Generic.csproj", "{C9A5C93C-D3BD-4BFE-A502-EC2F506197B4}"
EndProject
Project("{9A19103F-16F7-4668-BE54-9A1E7A4F7556}") = "GameRealisticMap.Generic.Test", "GameRealisticMap.Generic.Test\GameRealisticMap.Generic.Test.csproj", "{F1480749-7A37-40C3-8966-4734B3A173CE}"
EndProject
Project("{2150E333-8FDC-42A3-9474-1A3956D46DE8}") = "Tests", "Tests", "{28CB0CF8-3DAC-4E5A-852B-EAC186614514}"
EndProject
Project("{9A19103F-16F7-4668-BE54-9A1E7A4F7556}") = "DatasetsLoader", "tests\DatasetsLoader\DatasetsLoader.csproj", "{B5AA08B8-787D-4691-B795-DCE5DAA0D381}"
EndProject
Global
	GlobalSection(SolutionConfigurationPlatforms) = preSolution
		Debug|Any CPU = Debug|Any CPU
		Debug|ARM = Debug|ARM
		Debug|ARM64 = Debug|ARM64
		Debug|x64 = Debug|x64
		Debug|x86 = Debug|x86
		Release|Any CPU = Release|Any CPU
		Release|ARM = Release|ARM
		Release|ARM64 = Release|ARM64
		Release|x64 = Release|x64
		Release|x86 = Release|x86
	EndGlobalSection
	GlobalSection(ProjectConfigurationPlatforms) = postSolution
		{DBB57DEC-FA2D-465E-A7DF-EF3D9EA8E0C4}.Debug|Any CPU.ActiveCfg = Debug|Any CPU
		{DBB57DEC-FA2D-465E-A7DF-EF3D9EA8E0C4}.Debug|Any CPU.Build.0 = Debug|Any CPU
		{DBB57DEC-FA2D-465E-A7DF-EF3D9EA8E0C4}.Debug|ARM.ActiveCfg = Debug|Any CPU
		{DBB57DEC-FA2D-465E-A7DF-EF3D9EA8E0C4}.Debug|ARM.Build.0 = Debug|Any CPU
		{DBB57DEC-FA2D-465E-A7DF-EF3D9EA8E0C4}.Debug|ARM64.ActiveCfg = Debug|Any CPU
		{DBB57DEC-FA2D-465E-A7DF-EF3D9EA8E0C4}.Debug|ARM64.Build.0 = Debug|Any CPU
		{DBB57DEC-FA2D-465E-A7DF-EF3D9EA8E0C4}.Debug|x64.ActiveCfg = Debug|Any CPU
		{DBB57DEC-FA2D-465E-A7DF-EF3D9EA8E0C4}.Debug|x64.Build.0 = Debug|Any CPU
		{DBB57DEC-FA2D-465E-A7DF-EF3D9EA8E0C4}.Debug|x86.ActiveCfg = Debug|Any CPU
		{DBB57DEC-FA2D-465E-A7DF-EF3D9EA8E0C4}.Debug|x86.Build.0 = Debug|Any CPU
		{DBB57DEC-FA2D-465E-A7DF-EF3D9EA8E0C4}.Release|Any CPU.ActiveCfg = Release|Any CPU
		{DBB57DEC-FA2D-465E-A7DF-EF3D9EA8E0C4}.Release|Any CPU.Build.0 = Release|Any CPU
		{DBB57DEC-FA2D-465E-A7DF-EF3D9EA8E0C4}.Release|ARM.ActiveCfg = Release|Any CPU
		{DBB57DEC-FA2D-465E-A7DF-EF3D9EA8E0C4}.Release|ARM.Build.0 = Release|Any CPU
		{DBB57DEC-FA2D-465E-A7DF-EF3D9EA8E0C4}.Release|ARM64.ActiveCfg = Release|Any CPU
		{DBB57DEC-FA2D-465E-A7DF-EF3D9EA8E0C4}.Release|ARM64.Build.0 = Release|Any CPU
		{DBB57DEC-FA2D-465E-A7DF-EF3D9EA8E0C4}.Release|x64.ActiveCfg = Release|Any CPU
		{DBB57DEC-FA2D-465E-A7DF-EF3D9EA8E0C4}.Release|x64.Build.0 = Release|Any CPU
		{DBB57DEC-FA2D-465E-A7DF-EF3D9EA8E0C4}.Release|x86.ActiveCfg = Release|Any CPU
		{DBB57DEC-FA2D-465E-A7DF-EF3D9EA8E0C4}.Release|x86.Build.0 = Release|Any CPU
		{11FD2B02-1D5B-4257-BEEB-83DC47CF62F3}.Debug|Any CPU.ActiveCfg = Debug|Any CPU
		{11FD2B02-1D5B-4257-BEEB-83DC47CF62F3}.Debug|Any CPU.Build.0 = Debug|Any CPU
		{11FD2B02-1D5B-4257-BEEB-83DC47CF62F3}.Debug|ARM.ActiveCfg = Debug|Any CPU
		{11FD2B02-1D5B-4257-BEEB-83DC47CF62F3}.Debug|ARM.Build.0 = Debug|Any CPU
		{11FD2B02-1D5B-4257-BEEB-83DC47CF62F3}.Debug|ARM64.ActiveCfg = Debug|Any CPU
		{11FD2B02-1D5B-4257-BEEB-83DC47CF62F3}.Debug|ARM64.Build.0 = Debug|Any CPU
		{11FD2B02-1D5B-4257-BEEB-83DC47CF62F3}.Debug|x64.ActiveCfg = Debug|Any CPU
		{11FD2B02-1D5B-4257-BEEB-83DC47CF62F3}.Debug|x64.Build.0 = Debug|Any CPU
		{11FD2B02-1D5B-4257-BEEB-83DC47CF62F3}.Debug|x86.ActiveCfg = Debug|Any CPU
		{11FD2B02-1D5B-4257-BEEB-83DC47CF62F3}.Debug|x86.Build.0 = Debug|Any CPU
		{11FD2B02-1D5B-4257-BEEB-83DC47CF62F3}.Release|Any CPU.ActiveCfg = Release|Any CPU
		{11FD2B02-1D5B-4257-BEEB-83DC47CF62F3}.Release|Any CPU.Build.0 = Release|Any CPU
		{11FD2B02-1D5B-4257-BEEB-83DC47CF62F3}.Release|ARM.ActiveCfg = Release|Any CPU
		{11FD2B02-1D5B-4257-BEEB-83DC47CF62F3}.Release|ARM.Build.0 = Release|Any CPU
		{11FD2B02-1D5B-4257-BEEB-83DC47CF62F3}.Release|ARM64.ActiveCfg = Release|Any CPU
		{11FD2B02-1D5B-4257-BEEB-83DC47CF62F3}.Release|ARM64.Build.0 = Release|Any CPU
		{11FD2B02-1D5B-4257-BEEB-83DC47CF62F3}.Release|x64.ActiveCfg = Release|Any CPU
		{11FD2B02-1D5B-4257-BEEB-83DC47CF62F3}.Release|x64.Build.0 = Release|Any CPU
		{11FD2B02-1D5B-4257-BEEB-83DC47CF62F3}.Release|x86.ActiveCfg = Release|Any CPU
		{11FD2B02-1D5B-4257-BEEB-83DC47CF62F3}.Release|x86.Build.0 = Release|Any CPU
		{4E4CAA11-8159-40AD-9E77-D2B90A12CFDB}.Debug|Any CPU.ActiveCfg = Debug|Any CPU
		{4E4CAA11-8159-40AD-9E77-D2B90A12CFDB}.Debug|Any CPU.Build.0 = Debug|Any CPU
		{4E4CAA11-8159-40AD-9E77-D2B90A12CFDB}.Debug|ARM.ActiveCfg = Debug|Any CPU
		{4E4CAA11-8159-40AD-9E77-D2B90A12CFDB}.Debug|ARM.Build.0 = Debug|Any CPU
		{4E4CAA11-8159-40AD-9E77-D2B90A12CFDB}.Debug|ARM64.ActiveCfg = Debug|Any CPU
		{4E4CAA11-8159-40AD-9E77-D2B90A12CFDB}.Debug|ARM64.Build.0 = Debug|Any CPU
		{4E4CAA11-8159-40AD-9E77-D2B90A12CFDB}.Debug|x64.ActiveCfg = Debug|Any CPU
		{4E4CAA11-8159-40AD-9E77-D2B90A12CFDB}.Debug|x64.Build.0 = Debug|Any CPU
		{4E4CAA11-8159-40AD-9E77-D2B90A12CFDB}.Debug|x86.ActiveCfg = Debug|Any CPU
		{4E4CAA11-8159-40AD-9E77-D2B90A12CFDB}.Debug|x86.Build.0 = Debug|Any CPU
		{4E4CAA11-8159-40AD-9E77-D2B90A12CFDB}.Release|Any CPU.ActiveCfg = Release|Any CPU
		{4E4CAA11-8159-40AD-9E77-D2B90A12CFDB}.Release|Any CPU.Build.0 = Release|Any CPU
		{4E4CAA11-8159-40AD-9E77-D2B90A12CFDB}.Release|ARM.ActiveCfg = Release|Any CPU
		{4E4CAA11-8159-40AD-9E77-D2B90A12CFDB}.Release|ARM.Build.0 = Release|Any CPU
		{4E4CAA11-8159-40AD-9E77-D2B90A12CFDB}.Release|ARM64.ActiveCfg = Release|Any CPU
		{4E4CAA11-8159-40AD-9E77-D2B90A12CFDB}.Release|ARM64.Build.0 = Release|Any CPU
		{4E4CAA11-8159-40AD-9E77-D2B90A12CFDB}.Release|x64.ActiveCfg = Release|Any CPU
		{4E4CAA11-8159-40AD-9E77-D2B90A12CFDB}.Release|x64.Build.0 = Release|Any CPU
		{4E4CAA11-8159-40AD-9E77-D2B90A12CFDB}.Release|x86.ActiveCfg = Release|Any CPU
		{4E4CAA11-8159-40AD-9E77-D2B90A12CFDB}.Release|x86.Build.0 = Release|Any CPU
		{6E2A6C3B-C0C1-4C98-89B7-F0A4FB13DA00}.Debug|Any CPU.ActiveCfg = Debug|Any CPU
		{6E2A6C3B-C0C1-4C98-89B7-F0A4FB13DA00}.Debug|Any CPU.Build.0 = Debug|Any CPU
		{6E2A6C3B-C0C1-4C98-89B7-F0A4FB13DA00}.Debug|ARM.ActiveCfg = Debug|Any CPU
		{6E2A6C3B-C0C1-4C98-89B7-F0A4FB13DA00}.Debug|ARM.Build.0 = Debug|Any CPU
		{6E2A6C3B-C0C1-4C98-89B7-F0A4FB13DA00}.Debug|ARM64.ActiveCfg = Debug|Any CPU
		{6E2A6C3B-C0C1-4C98-89B7-F0A4FB13DA00}.Debug|ARM64.Build.0 = Debug|Any CPU
		{6E2A6C3B-C0C1-4C98-89B7-F0A4FB13DA00}.Debug|x64.ActiveCfg = Debug|Any CPU
		{6E2A6C3B-C0C1-4C98-89B7-F0A4FB13DA00}.Debug|x64.Build.0 = Debug|Any CPU
		{6E2A6C3B-C0C1-4C98-89B7-F0A4FB13DA00}.Debug|x86.ActiveCfg = Debug|Any CPU
		{6E2A6C3B-C0C1-4C98-89B7-F0A4FB13DA00}.Debug|x86.Build.0 = Debug|Any CPU
		{6E2A6C3B-C0C1-4C98-89B7-F0A4FB13DA00}.Release|Any CPU.ActiveCfg = Release|Any CPU
		{6E2A6C3B-C0C1-4C98-89B7-F0A4FB13DA00}.Release|Any CPU.Build.0 = Release|Any CPU
		{6E2A6C3B-C0C1-4C98-89B7-F0A4FB13DA00}.Release|ARM.ActiveCfg = Release|Any CPU
		{6E2A6C3B-C0C1-4C98-89B7-F0A4FB13DA00}.Release|ARM.Build.0 = Release|Any CPU
		{6E2A6C3B-C0C1-4C98-89B7-F0A4FB13DA00}.Release|ARM64.ActiveCfg = Release|Any CPU
		{6E2A6C3B-C0C1-4C98-89B7-F0A4FB13DA00}.Release|ARM64.Build.0 = Release|Any CPU
		{6E2A6C3B-C0C1-4C98-89B7-F0A4FB13DA00}.Release|x64.ActiveCfg = Release|Any CPU
		{6E2A6C3B-C0C1-4C98-89B7-F0A4FB13DA00}.Release|x64.Build.0 = Release|Any CPU
		{6E2A6C3B-C0C1-4C98-89B7-F0A4FB13DA00}.Release|x86.ActiveCfg = Release|Any CPU
		{6E2A6C3B-C0C1-4C98-89B7-F0A4FB13DA00}.Release|x86.Build.0 = Release|Any CPU
		{6E82EE4B-A3ED-4D11-A66D-3A1559920A31}.Debug|Any CPU.ActiveCfg = Debug|Any CPU
		{6E82EE4B-A3ED-4D11-A66D-3A1559920A31}.Debug|Any CPU.Build.0 = Debug|Any CPU
		{6E82EE4B-A3ED-4D11-A66D-3A1559920A31}.Debug|ARM.ActiveCfg = Debug|Any CPU
		{6E82EE4B-A3ED-4D11-A66D-3A1559920A31}.Debug|ARM.Build.0 = Debug|Any CPU
		{6E82EE4B-A3ED-4D11-A66D-3A1559920A31}.Debug|ARM64.ActiveCfg = Debug|Any CPU
		{6E82EE4B-A3ED-4D11-A66D-3A1559920A31}.Debug|ARM64.Build.0 = Debug|Any CPU
		{6E82EE4B-A3ED-4D11-A66D-3A1559920A31}.Debug|x64.ActiveCfg = Debug|Any CPU
		{6E82EE4B-A3ED-4D11-A66D-3A1559920A31}.Debug|x64.Build.0 = Debug|Any CPU
		{6E82EE4B-A3ED-4D11-A66D-3A1559920A31}.Debug|x86.ActiveCfg = Debug|Any CPU
		{6E82EE4B-A3ED-4D11-A66D-3A1559920A31}.Debug|x86.Build.0 = Debug|Any CPU
		{6E82EE4B-A3ED-4D11-A66D-3A1559920A31}.Release|Any CPU.ActiveCfg = Release|Any CPU
		{6E82EE4B-A3ED-4D11-A66D-3A1559920A31}.Release|Any CPU.Build.0 = Release|Any CPU
		{6E82EE4B-A3ED-4D11-A66D-3A1559920A31}.Release|ARM.ActiveCfg = Release|Any CPU
		{6E82EE4B-A3ED-4D11-A66D-3A1559920A31}.Release|ARM.Build.0 = Release|Any CPU
		{6E82EE4B-A3ED-4D11-A66D-3A1559920A31}.Release|ARM64.ActiveCfg = Release|Any CPU
		{6E82EE4B-A3ED-4D11-A66D-3A1559920A31}.Release|ARM64.Build.0 = Release|Any CPU
		{6E82EE4B-A3ED-4D11-A66D-3A1559920A31}.Release|x64.ActiveCfg = Release|Any CPU
		{6E82EE4B-A3ED-4D11-A66D-3A1559920A31}.Release|x64.Build.0 = Release|Any CPU
		{6E82EE4B-A3ED-4D11-A66D-3A1559920A31}.Release|x86.ActiveCfg = Release|Any CPU
		{6E82EE4B-A3ED-4D11-A66D-3A1559920A31}.Release|x86.Build.0 = Release|Any CPU
		{CBCFD74B-21DA-4F39-A18E-391E449927CD}.Debug|Any CPU.ActiveCfg = Debug|Any CPU
		{CBCFD74B-21DA-4F39-A18E-391E449927CD}.Debug|Any CPU.Build.0 = Debug|Any CPU
		{CBCFD74B-21DA-4F39-A18E-391E449927CD}.Debug|ARM.ActiveCfg = Debug|Any CPU
		{CBCFD74B-21DA-4F39-A18E-391E449927CD}.Debug|ARM.Build.0 = Debug|Any CPU
		{CBCFD74B-21DA-4F39-A18E-391E449927CD}.Debug|ARM64.ActiveCfg = Debug|Any CPU
		{CBCFD74B-21DA-4F39-A18E-391E449927CD}.Debug|ARM64.Build.0 = Debug|Any CPU
		{CBCFD74B-21DA-4F39-A18E-391E449927CD}.Debug|x64.ActiveCfg = Debug|Any CPU
		{CBCFD74B-21DA-4F39-A18E-391E449927CD}.Debug|x64.Build.0 = Debug|Any CPU
		{CBCFD74B-21DA-4F39-A18E-391E449927CD}.Debug|x86.ActiveCfg = Debug|Any CPU
		{CBCFD74B-21DA-4F39-A18E-391E449927CD}.Debug|x86.Build.0 = Debug|Any CPU
		{CBCFD74B-21DA-4F39-A18E-391E449927CD}.Release|Any CPU.ActiveCfg = Release|Any CPU
		{CBCFD74B-21DA-4F39-A18E-391E449927CD}.Release|Any CPU.Build.0 = Release|Any CPU
		{CBCFD74B-21DA-4F39-A18E-391E449927CD}.Release|ARM.ActiveCfg = Release|Any CPU
		{CBCFD74B-21DA-4F39-A18E-391E449927CD}.Release|ARM.Build.0 = Release|Any CPU
		{CBCFD74B-21DA-4F39-A18E-391E449927CD}.Release|ARM64.ActiveCfg = Release|Any CPU
		{CBCFD74B-21DA-4F39-A18E-391E449927CD}.Release|ARM64.Build.0 = Release|Any CPU
		{CBCFD74B-21DA-4F39-A18E-391E449927CD}.Release|x64.ActiveCfg = Release|Any CPU
		{CBCFD74B-21DA-4F39-A18E-391E449927CD}.Release|x64.Build.0 = Release|Any CPU
		{CBCFD74B-21DA-4F39-A18E-391E449927CD}.Release|x86.ActiveCfg = Release|Any CPU
		{CBCFD74B-21DA-4F39-A18E-391E449927CD}.Release|x86.Build.0 = Release|Any CPU
		{CB4CE7D4-5048-4D6A-9005-05C75D9D4898}.Debug|Any CPU.ActiveCfg = Debug|Any CPU
		{CB4CE7D4-5048-4D6A-9005-05C75D9D4898}.Debug|Any CPU.Build.0 = Debug|Any CPU
		{CB4CE7D4-5048-4D6A-9005-05C75D9D4898}.Debug|ARM.ActiveCfg = Debug|Any CPU
		{CB4CE7D4-5048-4D6A-9005-05C75D9D4898}.Debug|ARM.Build.0 = Debug|Any CPU
		{CB4CE7D4-5048-4D6A-9005-05C75D9D4898}.Debug|ARM64.ActiveCfg = Debug|Any CPU
		{CB4CE7D4-5048-4D6A-9005-05C75D9D4898}.Debug|ARM64.Build.0 = Debug|Any CPU
		{CB4CE7D4-5048-4D6A-9005-05C75D9D4898}.Debug|x64.ActiveCfg = Debug|Any CPU
		{CB4CE7D4-5048-4D6A-9005-05C75D9D4898}.Debug|x64.Build.0 = Debug|Any CPU
		{CB4CE7D4-5048-4D6A-9005-05C75D9D4898}.Debug|x86.ActiveCfg = Debug|Any CPU
		{CB4CE7D4-5048-4D6A-9005-05C75D9D4898}.Debug|x86.Build.0 = Debug|Any CPU
		{CB4CE7D4-5048-4D6A-9005-05C75D9D4898}.Release|Any CPU.ActiveCfg = Release|Any CPU
		{CB4CE7D4-5048-4D6A-9005-05C75D9D4898}.Release|Any CPU.Build.0 = Release|Any CPU
		{CB4CE7D4-5048-4D6A-9005-05C75D9D4898}.Release|ARM.ActiveCfg = Release|Any CPU
		{CB4CE7D4-5048-4D6A-9005-05C75D9D4898}.Release|ARM.Build.0 = Release|Any CPU
		{CB4CE7D4-5048-4D6A-9005-05C75D9D4898}.Release|ARM64.ActiveCfg = Release|Any CPU
		{CB4CE7D4-5048-4D6A-9005-05C75D9D4898}.Release|ARM64.Build.0 = Release|Any CPU
		{CB4CE7D4-5048-4D6A-9005-05C75D9D4898}.Release|x64.ActiveCfg = Release|Any CPU
		{CB4CE7D4-5048-4D6A-9005-05C75D9D4898}.Release|x64.Build.0 = Release|Any CPU
		{CB4CE7D4-5048-4D6A-9005-05C75D9D4898}.Release|x86.ActiveCfg = Release|Any CPU
		{CB4CE7D4-5048-4D6A-9005-05C75D9D4898}.Release|x86.Build.0 = Release|Any CPU
		{67387AB0-99B8-45BD-8DFB-EC3F5C4C623F}.Debug|Any CPU.ActiveCfg = Debug|Any CPU
		{67387AB0-99B8-45BD-8DFB-EC3F5C4C623F}.Debug|Any CPU.Build.0 = Debug|Any CPU
		{67387AB0-99B8-45BD-8DFB-EC3F5C4C623F}.Debug|ARM.ActiveCfg = Debug|Any CPU
		{67387AB0-99B8-45BD-8DFB-EC3F5C4C623F}.Debug|ARM.Build.0 = Debug|Any CPU
		{67387AB0-99B8-45BD-8DFB-EC3F5C4C623F}.Debug|ARM64.ActiveCfg = Debug|Any CPU
		{67387AB0-99B8-45BD-8DFB-EC3F5C4C623F}.Debug|ARM64.Build.0 = Debug|Any CPU
		{67387AB0-99B8-45BD-8DFB-EC3F5C4C623F}.Debug|x64.ActiveCfg = Debug|Any CPU
		{67387AB0-99B8-45BD-8DFB-EC3F5C4C623F}.Debug|x64.Build.0 = Debug|Any CPU
		{67387AB0-99B8-45BD-8DFB-EC3F5C4C623F}.Debug|x86.ActiveCfg = Debug|Any CPU
		{67387AB0-99B8-45BD-8DFB-EC3F5C4C623F}.Debug|x86.Build.0 = Debug|Any CPU
		{67387AB0-99B8-45BD-8DFB-EC3F5C4C623F}.Release|Any CPU.ActiveCfg = Release|Any CPU
		{67387AB0-99B8-45BD-8DFB-EC3F5C4C623F}.Release|Any CPU.Build.0 = Release|Any CPU
		{67387AB0-99B8-45BD-8DFB-EC3F5C4C623F}.Release|ARM.ActiveCfg = Release|Any CPU
		{67387AB0-99B8-45BD-8DFB-EC3F5C4C623F}.Release|ARM.Build.0 = Release|Any CPU
		{67387AB0-99B8-45BD-8DFB-EC3F5C4C623F}.Release|ARM64.ActiveCfg = Release|Any CPU
		{67387AB0-99B8-45BD-8DFB-EC3F5C4C623F}.Release|ARM64.Build.0 = Release|Any CPU
		{67387AB0-99B8-45BD-8DFB-EC3F5C4C623F}.Release|x64.ActiveCfg = Release|Any CPU
		{67387AB0-99B8-45BD-8DFB-EC3F5C4C623F}.Release|x64.Build.0 = Release|Any CPU
		{67387AB0-99B8-45BD-8DFB-EC3F5C4C623F}.Release|x86.ActiveCfg = Release|Any CPU
		{67387AB0-99B8-45BD-8DFB-EC3F5C4C623F}.Release|x86.Build.0 = Release|Any CPU
		{96536D55-42E1-4B69-8FED-43ACB72DA175}.Debug|Any CPU.ActiveCfg = Debug|Any CPU
		{96536D55-42E1-4B69-8FED-43ACB72DA175}.Debug|Any CPU.Build.0 = Debug|Any CPU
		{96536D55-42E1-4B69-8FED-43ACB72DA175}.Debug|ARM.ActiveCfg = Debug|Any CPU
		{96536D55-42E1-4B69-8FED-43ACB72DA175}.Debug|ARM.Build.0 = Debug|Any CPU
		{96536D55-42E1-4B69-8FED-43ACB72DA175}.Debug|ARM64.ActiveCfg = Debug|Any CPU
		{96536D55-42E1-4B69-8FED-43ACB72DA175}.Debug|ARM64.Build.0 = Debug|Any CPU
		{96536D55-42E1-4B69-8FED-43ACB72DA175}.Debug|x64.ActiveCfg = Debug|Any CPU
		{96536D55-42E1-4B69-8FED-43ACB72DA175}.Debug|x64.Build.0 = Debug|Any CPU
		{96536D55-42E1-4B69-8FED-43ACB72DA175}.Debug|x86.ActiveCfg = Debug|Any CPU
		{96536D55-42E1-4B69-8FED-43ACB72DA175}.Debug|x86.Build.0 = Debug|Any CPU
		{96536D55-42E1-4B69-8FED-43ACB72DA175}.Release|Any CPU.ActiveCfg = Release|Any CPU
		{96536D55-42E1-4B69-8FED-43ACB72DA175}.Release|Any CPU.Build.0 = Release|Any CPU
		{96536D55-42E1-4B69-8FED-43ACB72DA175}.Release|ARM.ActiveCfg = Release|Any CPU
		{96536D55-42E1-4B69-8FED-43ACB72DA175}.Release|ARM.Build.0 = Release|Any CPU
		{96536D55-42E1-4B69-8FED-43ACB72DA175}.Release|ARM64.ActiveCfg = Release|Any CPU
		{96536D55-42E1-4B69-8FED-43ACB72DA175}.Release|ARM64.Build.0 = Release|Any CPU
		{96536D55-42E1-4B69-8FED-43ACB72DA175}.Release|x64.ActiveCfg = Release|Any CPU
		{96536D55-42E1-4B69-8FED-43ACB72DA175}.Release|x64.Build.0 = Release|Any CPU
		{96536D55-42E1-4B69-8FED-43ACB72DA175}.Release|x86.ActiveCfg = Release|Any CPU
		{96536D55-42E1-4B69-8FED-43ACB72DA175}.Release|x86.Build.0 = Release|Any CPU
		{2B0249D8-91A5-4B69-811C-300D90FD82EB}.Debug|Any CPU.ActiveCfg = Debug|Any CPU
		{2B0249D8-91A5-4B69-811C-300D90FD82EB}.Debug|Any CPU.Build.0 = Debug|Any CPU
		{2B0249D8-91A5-4B69-811C-300D90FD82EB}.Debug|ARM.ActiveCfg = Debug|Any CPU
		{2B0249D8-91A5-4B69-811C-300D90FD82EB}.Debug|ARM.Build.0 = Debug|Any CPU
		{2B0249D8-91A5-4B69-811C-300D90FD82EB}.Debug|ARM64.ActiveCfg = Debug|Any CPU
		{2B0249D8-91A5-4B69-811C-300D90FD82EB}.Debug|ARM64.Build.0 = Debug|Any CPU
		{2B0249D8-91A5-4B69-811C-300D90FD82EB}.Debug|x64.ActiveCfg = Debug|Any CPU
		{2B0249D8-91A5-4B69-811C-300D90FD82EB}.Debug|x64.Build.0 = Debug|Any CPU
		{2B0249D8-91A5-4B69-811C-300D90FD82EB}.Debug|x86.ActiveCfg = Debug|Any CPU
		{2B0249D8-91A5-4B69-811C-300D90FD82EB}.Debug|x86.Build.0 = Debug|Any CPU
		{2B0249D8-91A5-4B69-811C-300D90FD82EB}.Release|Any CPU.ActiveCfg = Release|Any CPU
		{2B0249D8-91A5-4B69-811C-300D90FD82EB}.Release|Any CPU.Build.0 = Release|Any CPU
		{2B0249D8-91A5-4B69-811C-300D90FD82EB}.Release|ARM.ActiveCfg = Release|Any CPU
		{2B0249D8-91A5-4B69-811C-300D90FD82EB}.Release|ARM.Build.0 = Release|Any CPU
		{2B0249D8-91A5-4B69-811C-300D90FD82EB}.Release|ARM64.ActiveCfg = Release|Any CPU
		{2B0249D8-91A5-4B69-811C-300D90FD82EB}.Release|ARM64.Build.0 = Release|Any CPU
		{2B0249D8-91A5-4B69-811C-300D90FD82EB}.Release|x64.ActiveCfg = Release|Any CPU
		{2B0249D8-91A5-4B69-811C-300D90FD82EB}.Release|x64.Build.0 = Release|Any CPU
		{2B0249D8-91A5-4B69-811C-300D90FD82EB}.Release|x86.ActiveCfg = Release|Any CPU
		{2B0249D8-91A5-4B69-811C-300D90FD82EB}.Release|x86.Build.0 = Release|Any CPU
		{73A2E245-D755-4055-87A6-7B7AEDD4B07B}.Debug|Any CPU.ActiveCfg = Debug|Any CPU
		{73A2E245-D755-4055-87A6-7B7AEDD4B07B}.Debug|Any CPU.Build.0 = Debug|Any CPU
		{73A2E245-D755-4055-87A6-7B7AEDD4B07B}.Debug|ARM.ActiveCfg = Debug|Any CPU
		{73A2E245-D755-4055-87A6-7B7AEDD4B07B}.Debug|ARM.Build.0 = Debug|Any CPU
		{73A2E245-D755-4055-87A6-7B7AEDD4B07B}.Debug|ARM64.ActiveCfg = Debug|Any CPU
		{73A2E245-D755-4055-87A6-7B7AEDD4B07B}.Debug|ARM64.Build.0 = Debug|Any CPU
		{73A2E245-D755-4055-87A6-7B7AEDD4B07B}.Debug|x64.ActiveCfg = Debug|Any CPU
		{73A2E245-D755-4055-87A6-7B7AEDD4B07B}.Debug|x64.Build.0 = Debug|Any CPU
		{73A2E245-D755-4055-87A6-7B7AEDD4B07B}.Debug|x86.ActiveCfg = Debug|Any CPU
		{73A2E245-D755-4055-87A6-7B7AEDD4B07B}.Debug|x86.Build.0 = Debug|Any CPU
		{73A2E245-D755-4055-87A6-7B7AEDD4B07B}.Release|Any CPU.ActiveCfg = Release|Any CPU
		{73A2E245-D755-4055-87A6-7B7AEDD4B07B}.Release|Any CPU.Build.0 = Release|Any CPU
		{73A2E245-D755-4055-87A6-7B7AEDD4B07B}.Release|ARM.ActiveCfg = Release|Any CPU
		{73A2E245-D755-4055-87A6-7B7AEDD4B07B}.Release|ARM.Build.0 = Release|Any CPU
		{73A2E245-D755-4055-87A6-7B7AEDD4B07B}.Release|ARM64.ActiveCfg = Release|Any CPU
		{73A2E245-D755-4055-87A6-7B7AEDD4B07B}.Release|ARM64.Build.0 = Release|Any CPU
		{73A2E245-D755-4055-87A6-7B7AEDD4B07B}.Release|x64.ActiveCfg = Release|Any CPU
		{73A2E245-D755-4055-87A6-7B7AEDD4B07B}.Release|x64.Build.0 = Release|Any CPU
		{73A2E245-D755-4055-87A6-7B7AEDD4B07B}.Release|x86.ActiveCfg = Release|Any CPU
		{73A2E245-D755-4055-87A6-7B7AEDD4B07B}.Release|x86.Build.0 = Release|Any CPU
		{B7E7B414-218E-4D5D-83F3-1D35C00BA2B0}.Debug|Any CPU.ActiveCfg = Debug|Any CPU
		{B7E7B414-218E-4D5D-83F3-1D35C00BA2B0}.Debug|Any CPU.Build.0 = Debug|Any CPU
		{B7E7B414-218E-4D5D-83F3-1D35C00BA2B0}.Debug|ARM.ActiveCfg = Debug|Any CPU
		{B7E7B414-218E-4D5D-83F3-1D35C00BA2B0}.Debug|ARM.Build.0 = Debug|Any CPU
		{B7E7B414-218E-4D5D-83F3-1D35C00BA2B0}.Debug|ARM64.ActiveCfg = Debug|Any CPU
		{B7E7B414-218E-4D5D-83F3-1D35C00BA2B0}.Debug|ARM64.Build.0 = Debug|Any CPU
		{B7E7B414-218E-4D5D-83F3-1D35C00BA2B0}.Debug|x64.ActiveCfg = Debug|Any CPU
		{B7E7B414-218E-4D5D-83F3-1D35C00BA2B0}.Debug|x64.Build.0 = Debug|Any CPU
		{B7E7B414-218E-4D5D-83F3-1D35C00BA2B0}.Debug|x86.ActiveCfg = Debug|Any CPU
		{B7E7B414-218E-4D5D-83F3-1D35C00BA2B0}.Debug|x86.Build.0 = Debug|Any CPU
		{B7E7B414-218E-4D5D-83F3-1D35C00BA2B0}.Release|Any CPU.ActiveCfg = Release|Any CPU
		{B7E7B414-218E-4D5D-83F3-1D35C00BA2B0}.Release|Any CPU.Build.0 = Release|Any CPU
		{B7E7B414-218E-4D5D-83F3-1D35C00BA2B0}.Release|ARM.ActiveCfg = Release|Any CPU
		{B7E7B414-218E-4D5D-83F3-1D35C00BA2B0}.Release|ARM.Build.0 = Release|Any CPU
		{B7E7B414-218E-4D5D-83F3-1D35C00BA2B0}.Release|ARM64.ActiveCfg = Release|Any CPU
		{B7E7B414-218E-4D5D-83F3-1D35C00BA2B0}.Release|ARM64.Build.0 = Release|Any CPU
		{B7E7B414-218E-4D5D-83F3-1D35C00BA2B0}.Release|x64.ActiveCfg = Release|Any CPU
		{B7E7B414-218E-4D5D-83F3-1D35C00BA2B0}.Release|x64.Build.0 = Release|Any CPU
		{B7E7B414-218E-4D5D-83F3-1D35C00BA2B0}.Release|x86.ActiveCfg = Release|Any CPU
		{B7E7B414-218E-4D5D-83F3-1D35C00BA2B0}.Release|x86.Build.0 = Release|Any CPU
		{6CD0D25B-6600-4FDD-B1BB-99DDBD909B5D}.Debug|Any CPU.ActiveCfg = Debug|Any CPU
		{6CD0D25B-6600-4FDD-B1BB-99DDBD909B5D}.Debug|Any CPU.Build.0 = Debug|Any CPU
		{6CD0D25B-6600-4FDD-B1BB-99DDBD909B5D}.Debug|ARM.ActiveCfg = Debug|Any CPU
		{6CD0D25B-6600-4FDD-B1BB-99DDBD909B5D}.Debug|ARM.Build.0 = Debug|Any CPU
		{6CD0D25B-6600-4FDD-B1BB-99DDBD909B5D}.Debug|ARM64.ActiveCfg = Debug|Any CPU
		{6CD0D25B-6600-4FDD-B1BB-99DDBD909B5D}.Debug|ARM64.Build.0 = Debug|Any CPU
		{6CD0D25B-6600-4FDD-B1BB-99DDBD909B5D}.Debug|x64.ActiveCfg = Debug|Any CPU
		{6CD0D25B-6600-4FDD-B1BB-99DDBD909B5D}.Debug|x64.Build.0 = Debug|Any CPU
		{6CD0D25B-6600-4FDD-B1BB-99DDBD909B5D}.Debug|x86.ActiveCfg = Debug|Any CPU
		{6CD0D25B-6600-4FDD-B1BB-99DDBD909B5D}.Debug|x86.Build.0 = Debug|Any CPU
		{6CD0D25B-6600-4FDD-B1BB-99DDBD909B5D}.Release|Any CPU.ActiveCfg = Release|Any CPU
		{6CD0D25B-6600-4FDD-B1BB-99DDBD909B5D}.Release|Any CPU.Build.0 = Release|Any CPU
		{6CD0D25B-6600-4FDD-B1BB-99DDBD909B5D}.Release|ARM.ActiveCfg = Release|Any CPU
		{6CD0D25B-6600-4FDD-B1BB-99DDBD909B5D}.Release|ARM.Build.0 = Release|Any CPU
		{6CD0D25B-6600-4FDD-B1BB-99DDBD909B5D}.Release|ARM64.ActiveCfg = Release|Any CPU
		{6CD0D25B-6600-4FDD-B1BB-99DDBD909B5D}.Release|ARM64.Build.0 = Release|Any CPU
		{6CD0D25B-6600-4FDD-B1BB-99DDBD909B5D}.Release|x64.ActiveCfg = Release|Any CPU
		{6CD0D25B-6600-4FDD-B1BB-99DDBD909B5D}.Release|x64.Build.0 = Release|Any CPU
		{6CD0D25B-6600-4FDD-B1BB-99DDBD909B5D}.Release|x86.ActiveCfg = Release|Any CPU
		{6CD0D25B-6600-4FDD-B1BB-99DDBD909B5D}.Release|x86.Build.0 = Release|Any CPU
		{7B97A19B-A294-4C14-82A2-0355E9FD0FBB}.Debug|Any CPU.ActiveCfg = Debug|Any CPU
		{7B97A19B-A294-4C14-82A2-0355E9FD0FBB}.Debug|Any CPU.Build.0 = Debug|Any CPU
		{7B97A19B-A294-4C14-82A2-0355E9FD0FBB}.Debug|ARM.ActiveCfg = Debug|Any CPU
		{7B97A19B-A294-4C14-82A2-0355E9FD0FBB}.Debug|ARM.Build.0 = Debug|Any CPU
		{7B97A19B-A294-4C14-82A2-0355E9FD0FBB}.Debug|ARM64.ActiveCfg = Debug|Any CPU
		{7B97A19B-A294-4C14-82A2-0355E9FD0FBB}.Debug|ARM64.Build.0 = Debug|Any CPU
		{7B97A19B-A294-4C14-82A2-0355E9FD0FBB}.Debug|x64.ActiveCfg = Debug|Any CPU
		{7B97A19B-A294-4C14-82A2-0355E9FD0FBB}.Debug|x64.Build.0 = Debug|Any CPU
		{7B97A19B-A294-4C14-82A2-0355E9FD0FBB}.Debug|x86.ActiveCfg = Debug|Any CPU
		{7B97A19B-A294-4C14-82A2-0355E9FD0FBB}.Debug|x86.Build.0 = Debug|Any CPU
		{7B97A19B-A294-4C14-82A2-0355E9FD0FBB}.Release|Any CPU.ActiveCfg = Release|Any CPU
		{7B97A19B-A294-4C14-82A2-0355E9FD0FBB}.Release|Any CPU.Build.0 = Release|Any CPU
		{7B97A19B-A294-4C14-82A2-0355E9FD0FBB}.Release|ARM.ActiveCfg = Release|Any CPU
		{7B97A19B-A294-4C14-82A2-0355E9FD0FBB}.Release|ARM.Build.0 = Release|Any CPU
		{7B97A19B-A294-4C14-82A2-0355E9FD0FBB}.Release|ARM64.ActiveCfg = Release|Any CPU
		{7B97A19B-A294-4C14-82A2-0355E9FD0FBB}.Release|ARM64.Build.0 = Release|Any CPU
		{7B97A19B-A294-4C14-82A2-0355E9FD0FBB}.Release|x64.ActiveCfg = Release|Any CPU
		{7B97A19B-A294-4C14-82A2-0355E9FD0FBB}.Release|x64.Build.0 = Release|Any CPU
		{7B97A19B-A294-4C14-82A2-0355E9FD0FBB}.Release|x86.ActiveCfg = Release|Any CPU
		{7B97A19B-A294-4C14-82A2-0355E9FD0FBB}.Release|x86.Build.0 = Release|Any CPU
		{BE618D2C-5826-4B49-B887-8434999A4B1B}.Debug|Any CPU.ActiveCfg = Debug|Any CPU
		{BE618D2C-5826-4B49-B887-8434999A4B1B}.Debug|Any CPU.Build.0 = Debug|Any CPU
		{BE618D2C-5826-4B49-B887-8434999A4B1B}.Debug|ARM.ActiveCfg = Debug|Any CPU
		{BE618D2C-5826-4B49-B887-8434999A4B1B}.Debug|ARM.Build.0 = Debug|Any CPU
		{BE618D2C-5826-4B49-B887-8434999A4B1B}.Debug|ARM64.ActiveCfg = Debug|Any CPU
		{BE618D2C-5826-4B49-B887-8434999A4B1B}.Debug|ARM64.Build.0 = Debug|Any CPU
		{BE618D2C-5826-4B49-B887-8434999A4B1B}.Debug|x64.ActiveCfg = Debug|Any CPU
		{BE618D2C-5826-4B49-B887-8434999A4B1B}.Debug|x64.Build.0 = Debug|Any CPU
		{BE618D2C-5826-4B49-B887-8434999A4B1B}.Debug|x86.ActiveCfg = Debug|Any CPU
		{BE618D2C-5826-4B49-B887-8434999A4B1B}.Debug|x86.Build.0 = Debug|Any CPU
		{BE618D2C-5826-4B49-B887-8434999A4B1B}.Release|Any CPU.ActiveCfg = Release|Any CPU
		{BE618D2C-5826-4B49-B887-8434999A4B1B}.Release|Any CPU.Build.0 = Release|Any CPU
		{BE618D2C-5826-4B49-B887-8434999A4B1B}.Release|ARM.ActiveCfg = Release|Any CPU
		{BE618D2C-5826-4B49-B887-8434999A4B1B}.Release|ARM.Build.0 = Release|Any CPU
		{BE618D2C-5826-4B49-B887-8434999A4B1B}.Release|ARM64.ActiveCfg = Release|Any CPU
		{BE618D2C-5826-4B49-B887-8434999A4B1B}.Release|ARM64.Build.0 = Release|Any CPU
		{BE618D2C-5826-4B49-B887-8434999A4B1B}.Release|x64.ActiveCfg = Release|Any CPU
		{BE618D2C-5826-4B49-B887-8434999A4B1B}.Release|x64.Build.0 = Release|Any CPU
		{BE618D2C-5826-4B49-B887-8434999A4B1B}.Release|x86.ActiveCfg = Release|Any CPU
		{BE618D2C-5826-4B49-B887-8434999A4B1B}.Release|x86.Build.0 = Release|Any CPU
		{6B8B93B7-19B9-4E22-8B85-172BC9D3FFB0}.Debug|Any CPU.ActiveCfg = Debug|Any CPU
		{6B8B93B7-19B9-4E22-8B85-172BC9D3FFB0}.Debug|Any CPU.Build.0 = Debug|Any CPU
		{6B8B93B7-19B9-4E22-8B85-172BC9D3FFB0}.Debug|ARM.ActiveCfg = Debug|Any CPU
		{6B8B93B7-19B9-4E22-8B85-172BC9D3FFB0}.Debug|ARM.Build.0 = Debug|Any CPU
		{6B8B93B7-19B9-4E22-8B85-172BC9D3FFB0}.Debug|ARM64.ActiveCfg = Debug|Any CPU
		{6B8B93B7-19B9-4E22-8B85-172BC9D3FFB0}.Debug|ARM64.Build.0 = Debug|Any CPU
		{6B8B93B7-19B9-4E22-8B85-172BC9D3FFB0}.Debug|x64.ActiveCfg = Debug|Any CPU
		{6B8B93B7-19B9-4E22-8B85-172BC9D3FFB0}.Debug|x64.Build.0 = Debug|Any CPU
		{6B8B93B7-19B9-4E22-8B85-172BC9D3FFB0}.Debug|x86.ActiveCfg = Debug|Any CPU
		{6B8B93B7-19B9-4E22-8B85-172BC9D3FFB0}.Debug|x86.Build.0 = Debug|Any CPU
		{6B8B93B7-19B9-4E22-8B85-172BC9D3FFB0}.Release|Any CPU.ActiveCfg = Release|Any CPU
		{6B8B93B7-19B9-4E22-8B85-172BC9D3FFB0}.Release|Any CPU.Build.0 = Release|Any CPU
		{6B8B93B7-19B9-4E22-8B85-172BC9D3FFB0}.Release|ARM.ActiveCfg = Release|Any CPU
		{6B8B93B7-19B9-4E22-8B85-172BC9D3FFB0}.Release|ARM.Build.0 = Release|Any CPU
		{6B8B93B7-19B9-4E22-8B85-172BC9D3FFB0}.Release|ARM64.ActiveCfg = Release|Any CPU
		{6B8B93B7-19B9-4E22-8B85-172BC9D3FFB0}.Release|ARM64.Build.0 = Release|Any CPU
		{6B8B93B7-19B9-4E22-8B85-172BC9D3FFB0}.Release|x64.ActiveCfg = Release|Any CPU
		{6B8B93B7-19B9-4E22-8B85-172BC9D3FFB0}.Release|x64.Build.0 = Release|Any CPU
		{6B8B93B7-19B9-4E22-8B85-172BC9D3FFB0}.Release|x86.ActiveCfg = Release|Any CPU
		{6B8B93B7-19B9-4E22-8B85-172BC9D3FFB0}.Release|x86.Build.0 = Release|Any CPU
		{C9A5C93C-D3BD-4BFE-A502-EC2F506197B4}.Debug|Any CPU.ActiveCfg = Debug|Any CPU
		{C9A5C93C-D3BD-4BFE-A502-EC2F506197B4}.Debug|Any CPU.Build.0 = Debug|Any CPU
		{C9A5C93C-D3BD-4BFE-A502-EC2F506197B4}.Debug|ARM.ActiveCfg = Debug|Any CPU
		{C9A5C93C-D3BD-4BFE-A502-EC2F506197B4}.Debug|ARM.Build.0 = Debug|Any CPU
		{C9A5C93C-D3BD-4BFE-A502-EC2F506197B4}.Debug|ARM64.ActiveCfg = Debug|Any CPU
		{C9A5C93C-D3BD-4BFE-A502-EC2F506197B4}.Debug|ARM64.Build.0 = Debug|Any CPU
		{C9A5C93C-D3BD-4BFE-A502-EC2F506197B4}.Debug|x64.ActiveCfg = Debug|Any CPU
		{C9A5C93C-D3BD-4BFE-A502-EC2F506197B4}.Debug|x64.Build.0 = Debug|Any CPU
		{C9A5C93C-D3BD-4BFE-A502-EC2F506197B4}.Debug|x86.ActiveCfg = Debug|Any CPU
		{C9A5C93C-D3BD-4BFE-A502-EC2F506197B4}.Debug|x86.Build.0 = Debug|Any CPU
		{C9A5C93C-D3BD-4BFE-A502-EC2F506197B4}.Release|Any CPU.ActiveCfg = Release|Any CPU
		{C9A5C93C-D3BD-4BFE-A502-EC2F506197B4}.Release|Any CPU.Build.0 = Release|Any CPU
		{C9A5C93C-D3BD-4BFE-A502-EC2F506197B4}.Release|ARM.ActiveCfg = Release|Any CPU
		{C9A5C93C-D3BD-4BFE-A502-EC2F506197B4}.Release|ARM.Build.0 = Release|Any CPU
		{C9A5C93C-D3BD-4BFE-A502-EC2F506197B4}.Release|ARM64.ActiveCfg = Release|Any CPU
		{C9A5C93C-D3BD-4BFE-A502-EC2F506197B4}.Release|ARM64.Build.0 = Release|Any CPU
		{C9A5C93C-D3BD-4BFE-A502-EC2F506197B4}.Release|x64.ActiveCfg = Release|Any CPU
		{C9A5C93C-D3BD-4BFE-A502-EC2F506197B4}.Release|x64.Build.0 = Release|Any CPU
		{C9A5C93C-D3BD-4BFE-A502-EC2F506197B4}.Release|x86.ActiveCfg = Release|Any CPU
		{C9A5C93C-D3BD-4BFE-A502-EC2F506197B4}.Release|x86.Build.0 = Release|Any CPU
		{F1480749-7A37-40C3-8966-4734B3A173CE}.Debug|Any CPU.ActiveCfg = Debug|Any CPU
		{F1480749-7A37-40C3-8966-4734B3A173CE}.Debug|Any CPU.Build.0 = Debug|Any CPU
		{F1480749-7A37-40C3-8966-4734B3A173CE}.Debug|ARM.ActiveCfg = Debug|Any CPU
		{F1480749-7A37-40C3-8966-4734B3A173CE}.Debug|ARM.Build.0 = Debug|Any CPU
		{F1480749-7A37-40C3-8966-4734B3A173CE}.Debug|ARM64.ActiveCfg = Debug|Any CPU
		{F1480749-7A37-40C3-8966-4734B3A173CE}.Debug|ARM64.Build.0 = Debug|Any CPU
		{F1480749-7A37-40C3-8966-4734B3A173CE}.Debug|x64.ActiveCfg = Debug|Any CPU
		{F1480749-7A37-40C3-8966-4734B3A173CE}.Debug|x64.Build.0 = Debug|Any CPU
		{F1480749-7A37-40C3-8966-4734B3A173CE}.Debug|x86.ActiveCfg = Debug|Any CPU
		{F1480749-7A37-40C3-8966-4734B3A173CE}.Debug|x86.Build.0 = Debug|Any CPU
		{F1480749-7A37-40C3-8966-4734B3A173CE}.Release|Any CPU.ActiveCfg = Release|Any CPU
		{F1480749-7A37-40C3-8966-4734B3A173CE}.Release|Any CPU.Build.0 = Release|Any CPU
		{F1480749-7A37-40C3-8966-4734B3A173CE}.Release|ARM.ActiveCfg = Release|Any CPU
		{F1480749-7A37-40C3-8966-4734B3A173CE}.Release|ARM.Build.0 = Release|Any CPU
		{F1480749-7A37-40C3-8966-4734B3A173CE}.Release|ARM64.ActiveCfg = Release|Any CPU
		{F1480749-7A37-40C3-8966-4734B3A173CE}.Release|ARM64.Build.0 = Release|Any CPU
		{F1480749-7A37-40C3-8966-4734B3A173CE}.Release|x64.ActiveCfg = Release|Any CPU
		{F1480749-7A37-40C3-8966-4734B3A173CE}.Release|x64.Build.0 = Release|Any CPU
		{F1480749-7A37-40C3-8966-4734B3A173CE}.Release|x86.ActiveCfg = Release|Any CPU
		{F1480749-7A37-40C3-8966-4734B3A173CE}.Release|x86.Build.0 = Release|Any CPU
		{B5AA08B8-787D-4691-B795-DCE5DAA0D381}.Debug|Any CPU.ActiveCfg = Debug|Any CPU
		{B5AA08B8-787D-4691-B795-DCE5DAA0D381}.Debug|Any CPU.Build.0 = Debug|Any CPU
		{B5AA08B8-787D-4691-B795-DCE5DAA0D381}.Debug|ARM.ActiveCfg = Debug|Any CPU
		{B5AA08B8-787D-4691-B795-DCE5DAA0D381}.Debug|ARM.Build.0 = Debug|Any CPU
		{B5AA08B8-787D-4691-B795-DCE5DAA0D381}.Debug|ARM64.ActiveCfg = Debug|Any CPU
		{B5AA08B8-787D-4691-B795-DCE5DAA0D381}.Debug|ARM64.Build.0 = Debug|Any CPU
		{B5AA08B8-787D-4691-B795-DCE5DAA0D381}.Debug|x64.ActiveCfg = Debug|Any CPU
		{B5AA08B8-787D-4691-B795-DCE5DAA0D381}.Debug|x64.Build.0 = Debug|Any CPU
		{B5AA08B8-787D-4691-B795-DCE5DAA0D381}.Debug|x86.ActiveCfg = Debug|Any CPU
		{B5AA08B8-787D-4691-B795-DCE5DAA0D381}.Debug|x86.Build.0 = Debug|Any CPU
		{B5AA08B8-787D-4691-B795-DCE5DAA0D381}.Release|Any CPU.ActiveCfg = Release|Any CPU
		{B5AA08B8-787D-4691-B795-DCE5DAA0D381}.Release|Any CPU.Build.0 = Release|Any CPU
		{B5AA08B8-787D-4691-B795-DCE5DAA0D381}.Release|ARM.ActiveCfg = Release|Any CPU
		{B5AA08B8-787D-4691-B795-DCE5DAA0D381}.Release|ARM.Build.0 = Release|Any CPU
		{B5AA08B8-787D-4691-B795-DCE5DAA0D381}.Release|ARM64.ActiveCfg = Release|Any CPU
		{B5AA08B8-787D-4691-B795-DCE5DAA0D381}.Release|ARM64.Build.0 = Release|Any CPU
		{B5AA08B8-787D-4691-B795-DCE5DAA0D381}.Release|x64.ActiveCfg = Release|Any CPU
		{B5AA08B8-787D-4691-B795-DCE5DAA0D381}.Release|x64.Build.0 = Release|Any CPU
		{B5AA08B8-787D-4691-B795-DCE5DAA0D381}.Release|x86.ActiveCfg = Release|Any CPU
		{B5AA08B8-787D-4691-B795-DCE5DAA0D381}.Release|x86.Build.0 = Release|Any CPU
	EndGlobalSection
	GlobalSection(SolutionProperties) = preSolution
		HideSolutionNode = FALSE
	EndGlobalSection
	GlobalSection(NestedProjects) = preSolution
		{DBB57DEC-FA2D-465E-A7DF-EF3D9EA8E0C4} = {2BC1C49B-84B5-4AAA-89B6-72004913364E}
		{11FD2B02-1D5B-4257-BEEB-83DC47CF62F3} = {2BC1C49B-84B5-4AAA-89B6-72004913364E}
		{4E4CAA11-8159-40AD-9E77-D2B90A12CFDB} = {2BC1C49B-84B5-4AAA-89B6-72004913364E}
		{6E2A6C3B-C0C1-4C98-89B7-F0A4FB13DA00} = {2BC1C49B-84B5-4AAA-89B6-72004913364E}
		{6E82EE4B-A3ED-4D11-A66D-3A1559920A31} = {2BC1C49B-84B5-4AAA-89B6-72004913364E}
		{CBCFD74B-21DA-4F39-A18E-391E449927CD} = {2BC1C49B-84B5-4AAA-89B6-72004913364E}
		{CB4CE7D4-5048-4D6A-9005-05C75D9D4898} = {2BC1C49B-84B5-4AAA-89B6-72004913364E}
		{96536D55-42E1-4B69-8FED-43ACB72DA175} = {28CB0CF8-3DAC-4E5A-852B-EAC186614514}
		{6CD0D25B-6600-4FDD-B1BB-99DDBD909B5D} = {28CB0CF8-3DAC-4E5A-852B-EAC186614514}
		{7B97A19B-A294-4C14-82A2-0355E9FD0FBB} = {2BC1C49B-84B5-4AAA-89B6-72004913364E}
		{BE618D2C-5826-4B49-B887-8434999A4B1B} = {2BC1C49B-84B5-4AAA-89B6-72004913364E}
		{6B8B93B7-19B9-4E22-8B85-172BC9D3FFB0} = {2BC1C49B-84B5-4AAA-89B6-72004913364E}
		{F1480749-7A37-40C3-8966-4734B3A173CE} = {28CB0CF8-3DAC-4E5A-852B-EAC186614514}
		{B5AA08B8-787D-4691-B795-DCE5DAA0D381} = {28CB0CF8-3DAC-4E5A-852B-EAC186614514}
	EndGlobalSection
	GlobalSection(ExtensibilityGlobals) = postSolution
		RESX_MoveToResources = {"Items":[{"Extensions":".cs,.vb","Patterns":"$Namespace.$File.$Key|$File.$Key|StringResourceKey.$Key|$Namespace.StringResourceKey.$Key|nameof($File.$Key), ResourceType = typeof($File)|ErrorMessageResourceType = typeof($File), ErrorMessageResourceName = nameof($File.$Key)"},{"Extensions":".cshtml,.vbhtml","Patterns":"@$Namespace.$File.$Key|@$File.$Key|@StringResourceKey.$Key|@$Namespace.StringResourceKey.$Key"},{"Extensions":".cpp,.c,.hxx,.h","Patterns":"$File::$Key"},{"Extensions":".aspx,.ascx","Patterns":"<%$ Resources:$File,$Key %>|<%= $File.$Key %>|<%= $Namespace.$File.$Key %>"},{"Extensions":".xaml","Patterns":"\"{x:Static r:$File.$Key}\""},{"Extensions":".ts","Patterns":"resources.$Key"},{"Extensions":".html","Patterns":"{{ resources.$Key }}"}]}
		SolutionGuid = {67E6979E-AD2E-4E18-82E9-C7B7D491C3E9}
	EndGlobalSection
EndGlobal
