
Microsoft Visual Studio Solution File, Format Version 12.00
# Visual Studio Version 17
VisualStudioVersion = 17.9.34723.18
MinimumVisualStudioVersion = 10.0.40219.1
Project("{9A19103F-16F7-4668-BE54-9A1E7A4F7556}") = "GameRealisticMap.Arma3.Aerial.Extension", "GameRealisticMap.Arma3.Aerial.Extension.csproj", "{35C54CF7-23D0-4E37-A57D-CC7A92B96FD5}"
EndProject
Global
	GlobalSection(SolutionConfigurationPlatforms) = preSolution
		Debug|Any CPU = Debug|Any CPU
		Release|Any CPU = Release|Any CPU
	EndGlobalSection
	GlobalSection(ProjectConfigurationPlatforms) = postSolution
		{35C54CF7-23D0-4E37-A57D-CC7A92B96FD5}.Debug|Any CPU.ActiveCfg = Debug|Any CPU
		{35C54CF7-23D0-4E37-A57D-CC7A92B96FD5}.Debug|Any CPU.Build.0 = Debug|Any CPU
		{35C54CF7-23D0-4E37-A57D-CC7A92B96FD5}.Release|Any CPU.ActiveCfg = Release|Any CPU
		{35C54CF7-23D0-4E37-A57D-CC7A92B96FD5}.Release|Any CPU.Build.0 = Release|Any CPU
	EndGlobalSection
	GlobalSection(SolutionProperties) = preSolution
		HideSolutionNode = FALSE
	EndGlobalSection
	GlobalSection(ExtensibilityGlobals) = postSolution
		SolutionGuid = {F168BA92-5085-48E7-B0EA-02F4293B4B11}
	EndGlobalSection
EndGlobal
